// !$*UTF8*$!
{
	archiveVersion = 1;
	classes = {
	};
	objectVersion = 48;
	objects = {

/* Begin PBXBuildFile section */
		ABB4DAD82083767500B8B29A /* TZImageCropManager.m in Sources */ = {isa = PBXBuildFile; fileRef = ABB4DABD2083767400B8B29A /* TZImageCropManager.m */; };
		ABB4DAD92083767500B8B29A /* TZAssetCell.m in Sources */ = {isa = PBXBuildFile; fileRef = ABB4DABF2083767400B8B29A /* TZAssetCell.m */; };
		ABB4DADA2083767500B8B29A /* TZVideoPlayerController.m in Sources */ = {isa = PBXBuildFile; fileRef = ABB4DAC02083767400B8B29A /* TZVideoPlayerController.m */; };
		ABB4DADB2083767500B8B29A /* TZAssetModel.m in Sources */ = {isa = PBXBuildFile; fileRef = ABB4DAC12083767400B8B29A /* TZAssetModel.m */; };
		ABB4DADC2083767500B8B29A /* NSBundle+TZImagePicker.m in Sources */ = {isa = PBXBuildFile; fileRef = ABB4DAC22083767400B8B29A /* NSBundle+TZImagePicker.m */; };
		ABB4DADD2083767500B8B29A /* UIView+Layout.m in Sources */ = {isa = PBXBuildFile; fileRef = ABB4DAC52083767400B8B29A /* UIView+Layout.m */; };
		ABB4DADE2083767500B8B29A /* TZPhotoPreviewController.m in Sources */ = {isa = PBXBuildFile; fileRef = ABB4DAC62083767400B8B29A /* TZPhotoPreviewController.m */; };
		ABB4DADF2083767500B8B29A /* TZImagePickerController.bundle in Resources */ = {isa = PBXBuildFile; fileRef = ABB4DAC72083767400B8B29A /* TZImagePickerController.bundle */; };
		ABB4DAE02083767500B8B29A /* TZProgressView.m in Sources */ = {isa = PBXBuildFile; fileRef = ABB4DAC82083767400B8B29A /* TZProgressView.m */; };
		ABB4DAE12083767500B8B29A /* TZImageManager.m in Sources */ = {isa = PBXBuildFile; fileRef = ABB4DACB2083767400B8B29A /* TZImageManager.m */; };
		ABB4DAE22083767500B8B29A /* TZPhotoPickerController.m in Sources */ = {isa = PBXBuildFile; fileRef = ABB4DACD2083767400B8B29A /* TZPhotoPickerController.m */; };
		ABB4DAE32083767500B8B29A /* TZPhotoPreviewCell.m in Sources */ = {isa = PBXBuildFile; fileRef = ABB4DACE2083767400B8B29A /* TZPhotoPreviewCell.m */; };
		ABB4DAE42083767500B8B29A /* TZImagePickerController.m in Sources */ = {isa = PBXBuildFile; fileRef = ABB4DAD42083767400B8B29A /* TZImagePickerController.m */; };
		ABB4DAE52083767500B8B29A /* TZLocationManager.m in Sources */ = {isa = PBXBuildFile; fileRef = ABB4DAD52083767400B8B29A /* TZLocationManager.m */; };
		ABB4DAE62083767500B8B29A /* TZGifPhotoPreviewController.m in Sources */ = {isa = PBXBuildFile; fileRef = ABB4DAD62083767400B8B29A /* TZGifPhotoPreviewController.m */; };
		ABB4DAEC2083923F00B8B29A /* TopicSettingViewController.m in Sources */ = {isa = PBXBuildFile; fileRef = ABB4DAEB2083923F00B8B29A /* TopicSettingViewController.m */; };
		ABB4DAEF208392E100B8B29A /* TopicSettingTableViewCell.m in Sources */ = {isa = PBXBuildFile; fileRef = ABB4DAEE208392E100B8B29A /* TopicSettingTableViewCell.m */; };
		ABB5AABA20775A0900B5D66B /* WD_QTableBaseColAdaptor.m in Sources */ = {isa = PBXBuildFile; fileRef = ABB5AA8720775A0900B5D66B /* WD_QTableBaseColAdaptor.m */; };
		ABB5AABB20775A0900B5D66B /* WD_QTableParse.m in Sources */ = {isa = PBXBuildFile; fileRef = ABB5AA8820775A0900B5D66B /* WD_QTableParse.m */; };
		ABB5AABC20775A0900B5D66B /* WD_QTableAdaptor.m in Sources */ = {isa = PBXBuildFile; fileRef = ABB5AA8A20775A0900B5D66B /* WD_QTableAdaptor.m */; };
		ABB5AABD20775A0900B5D66B /* WD_QTableDefaultLayoutConstructor.m in Sources */ = {isa = PBXBuildFile; fileRef = ABB5AA8E20775A0900B5D66B /* WD_QTableDefaultLayoutConstructor.m */; };
		ABB5AABE20775A0900B5D66B /* WD_QTableAutoLayoutConstructor.m in Sources */ = {isa = PBXBuildFile; fileRef = ABB5AA8F20775A0900B5D66B /* WD_QTableAutoLayoutConstructor.m */; };
		ABB5AABF20775A0900B5D66B /* WD_QTableDefaultStyleConstructor.m in Sources */ = {isa = PBXBuildFile; fileRef = ABB5AA9320775A0900B5D66B /* WD_QTableDefaultStyleConstructor.m */; };
		ABB5AAC020775A0900B5D66B /* WD_QViewModel.m in Sources */ = {isa = PBXBuildFile; fileRef = ABB5AA9520775A0900B5D66B /* WD_QViewModel.m */; };
		ABB5AAC120775A0900B5D66B /* WD_QTableDefaultViewCell.m in Sources */ = {isa = PBXBuildFile; fileRef = ABB5AA9A20775A0900B5D66B /* WD_QTableDefaultViewCell.m */; };
		ABB5AAC220775A0900B5D66B /* WD_QTableDefaultReusableView.m in Sources */ = {isa = PBXBuildFile; fileRef = ABB5AA9B20775A0900B5D66B /* WD_QTableDefaultReusableView.m */; };
		ABB5AAC320775A0900B5D66B /* WD_QTableOtherViewCell.m in Sources */ = {isa = PBXBuildFile; fileRef = ABB5AA9C20775A0900B5D66B /* WD_QTableOtherViewCell.m */; };
		ABB5AAC420775A0900B5D66B /* JQ_CollectionViewLayout.m in Sources */ = {isa = PBXBuildFile; fileRef = ABB5AAA320775A0900B5D66B /* JQ_CollectionViewLayout.m */; };
		ABB5AAC520775A0900B5D66B /* JQ_CollectionViewLayoutInvalidationContext.m in Sources */ = {isa = PBXBuildFile; fileRef = ABB5AAA620775A0900B5D66B /* JQ_CollectionViewLayoutInvalidationContext.m */; };
		ABB5AAC620775A0900B5D66B /* WD_QRefreshTable.m in Sources */ = {isa = PBXBuildFile; fileRef = ABB5AAA720775A0900B5D66B /* WD_QRefreshTable.m */; };
		ABB5AAC720775A0900B5D66B /* WD_QTable.m in Sources */ = {isa = PBXBuildFile; fileRef = ABB5AAA820775A0900B5D66B /* WD_QTable.m */; };
		ABB5AAC820775A0900B5D66B /* WD_QTableModel.m in Sources */ = {isa = PBXBuildFile; fileRef = ABB5AAAB20775A0900B5D66B /* WD_QTableModel.m */; };
		ABB5AAC920775A0900B5D66B /* WD_QBaseTable.m in Sources */ = {isa = PBXBuildFile; fileRef = ABB5AAAC20775A0900B5D66B /* WD_QBaseTable.m */; };
		ABB5AACA20775A0900B5D66B /* WD_QTableBaseViewCell.m in Sources */ = {isa = PBXBuildFile; fileRef = ABB5AAB020775A0900B5D66B /* WD_QTableBaseViewCell.m */; };
		ABB5AACB20775A0900B5D66B /* WD_QTableBaseReusableView.m in Sources */ = {isa = PBXBuildFile; fileRef = ABB5AAB120775A0900B5D66B /* WD_QTableBaseReusableView.m */; };
		ABF3E7B1207A60FC00587957 /* PlanEditViewController.m in Sources */ = {isa = PBXBuildFile; fileRef = ABF3E7B0207A60FB00587957 /* PlanEditViewController.m */; };
		AD135D24206E08A50069BEEB /* EventCreateFlowViewController.m in Sources */ = {isa = PBXBuildFile; fileRef = AD135D23206E08A50069BEEB /* EventCreateFlowViewController.m */; };
		AD135D27206E0A0C0069BEEB /* EventCreateStepViewController.m in Sources */ = {isa = PBXBuildFile; fileRef = AD135D26206E0A0C0069BEEB /* EventCreateStepViewController.m */; };
		AD135D2A206E0A280069BEEB /* EventModel.m in Sources */ = {isa = PBXBuildFile; fileRef = AD135D29206E0A280069BEEB /* EventModel.m */; };
		AD135D2E206E0D860069BEEB /* CalendarManagerController.m in Sources */ = {isa = PBXBuildFile; fileRef = AD135D2D206E0D860069BEEB /* CalendarManagerController.m */; };
		AD135D31206E16BD0069BEEB /* EventCreateStartDateViewController.m in Sources */ = {isa = PBXBuildFile; fileRef = AD135D30206E16BD0069BEEB /* EventCreateStartDateViewController.m */; };
		AD135D34206E17390069BEEB /* EventCreateEndDateViewController.m in Sources */ = {isa = PBXBuildFile; fileRef = AD135D33206E17390069BEEB /* EventCreateEndDateViewController.m */; };
		AD135D37206E1BF90069BEEB /* EventTitleViewController.m in Sources */ = {isa = PBXBuildFile; fileRef = AD135D36206E1BF90069BEEB /* EventTitleViewController.m */; };
		AD135D3A206E1D870069BEEB /* EventCreateContentViewController.m in Sources */ = {isa = PBXBuildFile; fileRef = AD135D39206E1D870069BEEB /* EventCreateContentViewController.m */; };
		AD135D3D206E1F590069BEEB /* EventSummaryViewController.m in Sources */ = {isa = PBXBuildFile; fileRef = AD135D3C206E1F590069BEEB /* EventSummaryViewController.m */; };
		AD135D40206E20BB0069BEEB /* EventSummaryTableViewCell.m in Sources */ = {isa = PBXBuildFile; fileRef = AD135D3F206E20BB0069BEEB /* EventSummaryTableViewCell.m */; };
		AD1E62E8206B5BB8004C792B /* TimerDetailViewController.m in Sources */ = {isa = PBXBuildFile; fileRef = AD1E62E7206B5BB8004C792B /* TimerDetailViewController.m */; };
		AD1E62EF206B88DF004C792B /* Q_navigationController.m in Sources */ = {isa = PBXBuildFile; fileRef = AD1E62EE206B88DF004C792B /* Q_navigationController.m */; };
		AD22D6FF207DF72100BBCC71 /* HomeTitleTableViewCell.m in Sources */ = {isa = PBXBuildFile; fileRef = AD22D6FE207DF72100BBCC71 /* HomeTitleTableViewCell.m */; };
		AD22D702207DF7C800BBCC71 /* HomeViewController.m in Sources */ = {isa = PBXBuildFile; fileRef = AD22D701207DF7C800BBCC71 /* HomeViewController.m */; };
		AD22D705207E12F400BBCC71 /* EventSearchResultViewController.m in Sources */ = {isa = PBXBuildFile; fileRef = AD22D704207E12F400BBCC71 /* EventSearchResultViewController.m */; };
		AD3A8E9820706E4F000CD3A4 /* Q_UIConfig.m in Sources */ = {isa = PBXBuildFile; fileRef = AD3A8E9720706E4F000CD3A4 /* Q_UIConfig.m */; };
		AD3A8E9B20706EA3000CD3A4 /* UIColor+Extension.m in Sources */ = {isa = PBXBuildFile; fileRef = AD3A8E9A20706EA3000CD3A4 /* UIColor+Extension.m */; };
		AD52364B207C9A7D002F4037 /* PlanTemplate.json in Resources */ = {isa = PBXBuildFile; fileRef = AD52364A207C9A7D002F4037 /* PlanTemplate.json */; };
		AD52364E207CA4D7002F4037 /* PlanTemplateViewController.m in Sources */ = {isa = PBXBuildFile; fileRef = AD52364D207CA4D7002F4037 /* PlanTemplateViewController.m */; };
		AD6AF0852068B8B700547D83 /* AppDelegate.m in Sources */ = {isa = PBXBuildFile; fileRef = AD6AF0842068B8B700547D83 /* AppDelegate.m */; };
		AD6AF08B2068B8B700547D83 /* Main.storyboard in Resources */ = {isa = PBXBuildFile; fileRef = AD6AF0892068B8B700547D83 /* Main.storyboard */; };
		AD6AF08E2068B8B700547D83 /* Q_TimerAxis.xcdatamodeld in Sources */ = {isa = PBXBuildFile; fileRef = AD6AF08C2068B8B700547D83 /* Q_TimerAxis.xcdatamodeld */; };
		AD6AF0902068B8B700547D83 /* Assets.xcassets in Resources */ = {isa = PBXBuildFile; fileRef = AD6AF08F2068B8B700547D83 /* Assets.xcassets */; };
		AD6AF0932068B8B700547D83 /* LaunchScreen.storyboard in Resources */ = {isa = PBXBuildFile; fileRef = AD6AF0912068B8B700547D83 /* LaunchScreen.storyboard */; };
		AD6AF0962068B8B800547D83 /* main.m in Sources */ = {isa = PBXBuildFile; fileRef = AD6AF0952068B8B800547D83 /* main.m */; };
		AD6AF0A02068B8B800547D83 /* Q_TimerAxisTests.m in Sources */ = {isa = PBXBuildFile; fileRef = AD6AF09F2068B8B800547D83 /* Q_TimerAxisTests.m */; };
		AD6AF0AB2068B8B800547D83 /* Q_TimerAxisUITests.m in Sources */ = {isa = PBXBuildFile; fileRef = AD6AF0AA2068B8B800547D83 /* Q_TimerAxisUITests.m */; };
		AD6AF0BB2068B99400547D83 /* Q_coreDataHelper.m in Sources */ = {isa = PBXBuildFile; fileRef = AD6AF0BA2068B99400547D83 /* Q_coreDataHelper.m */; };
		AD6AF0D22068E7B400547D83 /* Q_TimeLine+CoreDataClass.m in Sources */ = {isa = PBXBuildFile; fileRef = AD6AF0CB2068E7B400547D83 /* Q_TimeLine+CoreDataClass.m */; };
		AD6AF0D32068E7B400547D83 /* Q_TimeLine+CoreDataProperties.m in Sources */ = {isa = PBXBuildFile; fileRef = AD6AF0CD2068E7B400547D83 /* Q_TimeLine+CoreDataProperties.m */; };
		AD70BB8C207CD5F60058EB61 /* Q_Plan+CoreDataClass.m in Sources */ = {isa = PBXBuildFile; fileRef = AD70BB89207CD5F60058EB61 /* Q_Plan+CoreDataClass.m */; };
		AD70BB8D207CD5F60058EB61 /* Q_Plan+CoreDataProperties.m in Sources */ = {isa = PBXBuildFile; fileRef = AD70BB8B207CD5F60058EB61 /* Q_Plan+CoreDataProperties.m */; };
		ADAB7886207B21D900F219A5 /* PlanViewController.m in Sources */ = {isa = PBXBuildFile; fileRef = ADAB7885207B21D900F219A5 /* PlanViewController.m */; };
		ADAB7895207B3FA500F219A5 /* Q_TabBarController.m in Sources */ = {isa = PBXBuildFile; fileRef = ADAB7894207B3FA500F219A5 /* Q_TabBarController.m */; };
		ADAB7898207B4C3F00F219A5 /* PlanTableViewCell.m in Sources */ = {isa = PBXBuildFile; fileRef = ADAB7897207B4C3F00F219A5 /* PlanTableViewCell.m */; };
		ADC30DD3207387E8002AE183 /* UIAlertController+Q_Alert.m in Sources */ = {isa = PBXBuildFile; fileRef = ADC30DD2207387E8002AE183 /* UIAlertController+Q_Alert.m */; };
		ADCDD69D2074DEC6003C8D65 /* PlanDetailViewController.m in Sources */ = {isa = PBXBuildFile; fileRef = ADCDD69C2074DEC6003C8D65 /* PlanDetailViewController.m */; };
		ADCDD6A62074DEFB003C8D65 /* EditTableStyleConstructor.m in Sources */ = {isa = PBXBuildFile; fileRef = ADCDD6A02074DEFB003C8D65 /* EditTableStyleConstructor.m */; };
		ADCDD6A72074DEFB003C8D65 /* EditTableCell.m in Sources */ = {isa = PBXBuildFile; fileRef = ADCDD6A32074DEFB003C8D65 /* EditTableCell.m */; };
		ADCDD6A82074DEFB003C8D65 /* EditTableReusableView.m in Sources */ = {isa = PBXBuildFile; fileRef = ADCDD6A52074DEFB003C8D65 /* EditTableReusableView.m */; };
		ADECD0442069DB9D00C2F3AB /* EventViewController.m in Sources */ = {isa = PBXBuildFile; fileRef = ADECD0432069DB9D00C2F3AB /* EventViewController.m */; };
		ADECD0472069DE2E00C2F3AB /* TimerViewController.m in Sources */ = {isa = PBXBuildFile; fileRef = ADECD0462069DE2E00C2F3AB /* TimerViewController.m */; };
		ADECD04C2069E22000C2F3AB /* Q_Event+CoreDataClass.m in Sources */ = {isa = PBXBuildFile; fileRef = ADECD0492069E22000C2F3AB /* Q_Event+CoreDataClass.m */; };
		ADECD04D2069E22000C2F3AB /* Q_Event+CoreDataProperties.m in Sources */ = {isa = PBXBuildFile; fileRef = ADECD04B2069E22000C2F3AB /* Q_Event+CoreDataProperties.m */; };
		ADECD0532069F53100C2F3AB /* CoreDataTableViewController.m in Sources */ = {isa = PBXBuildFile; fileRef = ADECD0522069F53100C2F3AB /* CoreDataTableViewController.m */; };
		ADECD056206A0A3200C2F3AB /* EventTableViewCell.m in Sources */ = {isa = PBXBuildFile; fileRef = ADECD055206A0A3200C2F3AB /* EventTableViewCell.m */; };
		ADECD059206A105600C2F3AB /* NSDate+Extension.m in Sources */ = {isa = PBXBuildFile; fileRef = ADECD058206A105600C2F3AB /* NSDate+Extension.m */; };
		ADECD07F206A140100C2F3AB /* Info.plist in Resources */ = {isa = PBXBuildFile; fileRef = ADECD05B206A140000C2F3AB /* Info.plist */; };
		ADECD080206A140100C2F3AB /* JTCalendarManager.m in Sources */ = {isa = PBXBuildFile; fileRef = ADECD05F206A140000C2F3AB /* JTCalendarManager.m */; };
		ADECD081206A140100C2F3AB /* JTCalendarSettings.m in Sources */ = {isa = PBXBuildFile; fileRef = ADECD061206A140000C2F3AB /* JTCalendarSettings.m */; };
		ADECD082206A140100C2F3AB /* JTDateHelper.m in Sources */ = {isa = PBXBuildFile; fileRef = ADECD063206A140000C2F3AB /* JTDateHelper.m */; };
		ADECD083206A140100C2F3AB /* JTCalendarDelegateManager.m in Sources */ = {isa = PBXBuildFile; fileRef = ADECD066206A140000C2F3AB /* JTCalendarDelegateManager.m */; };
		ADECD084206A140100C2F3AB /* JTCalendarScrollManager.m in Sources */ = {isa = PBXBuildFile; fileRef = ADECD068206A140000C2F3AB /* JTCalendarScrollManager.m */; };
		ADECD085206A140100C2F3AB /* JTCalendarDayView.m in Sources */ = {isa = PBXBuildFile; fileRef = ADECD072206A140000C2F3AB /* JTCalendarDayView.m */; };
		ADECD086206A140100C2F3AB /* JTCalendarMenuView.m in Sources */ = {isa = PBXBuildFile; fileRef = ADECD074206A140000C2F3AB /* JTCalendarMenuView.m */; };
		ADECD087206A140100C2F3AB /* JTCalendarPageView.m in Sources */ = {isa = PBXBuildFile; fileRef = ADECD076206A140000C2F3AB /* JTCalendarPageView.m */; };
		ADECD088206A140100C2F3AB /* JTCalendarWeekDayView.m in Sources */ = {isa = PBXBuildFile; fileRef = ADECD078206A140000C2F3AB /* JTCalendarWeekDayView.m */; };
		ADECD089206A140100C2F3AB /* JTCalendarWeekView.m in Sources */ = {isa = PBXBuildFile; fileRef = ADECD07A206A140000C2F3AB /* JTCalendarWeekView.m */; };
		ADECD08A206A140100C2F3AB /* JTHorizontalCalendarView.m in Sources */ = {isa = PBXBuildFile; fileRef = ADECD07C206A140000C2F3AB /* JTHorizontalCalendarView.m */; };
		ADECD08B206A140100C2F3AB /* JTVerticalCalendarView.m in Sources */ = {isa = PBXBuildFile; fileRef = ADECD07E206A140000C2F3AB /* JTVerticalCalendarView.m */; };
		ADECD092206A66C500C2F3AB /* TimeLineTableViewCell.m in Sources */ = {isa = PBXBuildFile; fileRef = ADECD091206A66C500C2F3AB /* TimeLineTableViewCell.m */; };
/* End PBXBuildFile section */

/* Begin PBXContainerItemProxy section */
		AD6AF09C2068B8B800547D83 /* PBXContainerItemProxy */ = {
			isa = PBXContainerItemProxy;
			containerPortal = AD6AF0782068B8B600547D83 /* Project object */;
			proxyType = 1;
			remoteGlobalIDString = AD6AF07F2068B8B600547D83;
			remoteInfo = Q_TimerAxis;
		};
		AD6AF0A72068B8B800547D83 /* PBXContainerItemProxy */ = {
			isa = PBXContainerItemProxy;
			containerPortal = AD6AF0782068B8B600547D83 /* Project object */;
			proxyType = 1;
			remoteGlobalIDString = AD6AF07F2068B8B600547D83;
			remoteInfo = Q_TimerAxis;
		};
/* End PBXContainerItemProxy section */

/* Begin PBXFileReference section */
		ABB4DABB2083767400B8B29A /* TZPhotoPreviewCell.h */ = {isa = PBXFileReference; fileEncoding = 4; lastKnownFileType = sourcecode.c.h; path = TZPhotoPreviewCell.h; sourceTree = "<group>"; };
		ABB4DABC2083767400B8B29A /* TZPhotoPickerController.h */ = {isa = PBXFileReference; fileEncoding = 4; lastKnownFileType = sourcecode.c.h; path = TZPhotoPickerController.h; sourceTree = "<group>"; };
		ABB4DABD2083767400B8B29A /* TZImageCropManager.m */ = {isa = PBXFileReference; fileEncoding = 4; lastKnownFileType = sourcecode.c.objc; path = TZImageCropManager.m; sourceTree = "<group>"; };
		ABB4DABE2083767400B8B29A /* TZImageManager.h */ = {isa = PBXFileReference; fileEncoding = 4; lastKnownFileType = sourcecode.c.h; path = TZImageManager.h; sourceTree = "<group>"; };
		ABB4DABF2083767400B8B29A /* TZAssetCell.m */ = {isa = PBXFileReference; fileEncoding = 4; lastKnownFileType = sourcecode.c.objc; path = TZAssetCell.m; sourceTree = "<group>"; };
		ABB4DAC02083767400B8B29A /* TZVideoPlayerController.m */ = {isa = PBXFileReference; fileEncoding = 4; lastKnownFileType = sourcecode.c.objc; path = TZVideoPlayerController.m; sourceTree = "<group>"; };
		ABB4DAC12083767400B8B29A /* TZAssetModel.m */ = {isa = PBXFileReference; fileEncoding = 4; lastKnownFileType = sourcecode.c.objc; path = TZAssetModel.m; sourceTree = "<group>"; };
		ABB4DAC22083767400B8B29A /* NSBundle+TZImagePicker.m */ = {isa = PBXFileReference; fileEncoding = 4; lastKnownFileType = sourcecode.c.objc; path = "NSBundle+TZImagePicker.m"; sourceTree = "<group>"; };
		ABB4DAC32083767400B8B29A /* TZLocationManager.h */ = {isa = PBXFileReference; fileEncoding = 4; lastKnownFileType = sourcecode.c.h; path = TZLocationManager.h; sourceTree = "<group>"; };
		ABB4DAC42083767400B8B29A /* TZImagePickerController.h */ = {isa = PBXFileReference; fileEncoding = 4; lastKnownFileType = sourcecode.c.h; path = TZImagePickerController.h; sourceTree = "<group>"; };
		ABB4DAC52083767400B8B29A /* UIView+Layout.m */ = {isa = PBXFileReference; fileEncoding = 4; lastKnownFileType = sourcecode.c.objc; path = "UIView+Layout.m"; sourceTree = "<group>"; };
		ABB4DAC62083767400B8B29A /* TZPhotoPreviewController.m */ = {isa = PBXFileReference; fileEncoding = 4; lastKnownFileType = sourcecode.c.objc; path = TZPhotoPreviewController.m; sourceTree = "<group>"; };
		ABB4DAC72083767400B8B29A /* TZImagePickerController.bundle */ = {isa = PBXFileReference; lastKnownFileType = "wrapper.plug-in"; path = TZImagePickerController.bundle; sourceTree = "<group>"; };
		ABB4DAC82083767400B8B29A /* TZProgressView.m */ = {isa = PBXFileReference; fileEncoding = 4; lastKnownFileType = sourcecode.c.objc; path = TZProgressView.m; sourceTree = "<group>"; };
		ABB4DAC92083767400B8B29A /* TZGifPhotoPreviewController.h */ = {isa = PBXFileReference; fileEncoding = 4; lastKnownFileType = sourcecode.c.h; path = TZGifPhotoPreviewController.h; sourceTree = "<group>"; };
		ABB4DACA2083767400B8B29A /* TZAssetCell.h */ = {isa = PBXFileReference; fileEncoding = 4; lastKnownFileType = sourcecode.c.h; path = TZAssetCell.h; sourceTree = "<group>"; };
		ABB4DACB2083767400B8B29A /* TZImageManager.m */ = {isa = PBXFileReference; fileEncoding = 4; lastKnownFileType = sourcecode.c.objc; path = TZImageManager.m; sourceTree = "<group>"; };
		ABB4DACC2083767400B8B29A /* TZImageCropManager.h */ = {isa = PBXFileReference; fileEncoding = 4; lastKnownFileType = sourcecode.c.h; path = TZImageCropManager.h; sourceTree = "<group>"; };
		ABB4DACD2083767400B8B29A /* TZPhotoPickerController.m */ = {isa = PBXFileReference; fileEncoding = 4; lastKnownFileType = sourcecode.c.objc; path = TZPhotoPickerController.m; sourceTree = "<group>"; };
		ABB4DACE2083767400B8B29A /* TZPhotoPreviewCell.m */ = {isa = PBXFileReference; fileEncoding = 4; lastKnownFileType = sourcecode.c.objc; path = TZPhotoPreviewCell.m; sourceTree = "<group>"; };
		ABB4DACF2083767400B8B29A /* NSBundle+TZImagePicker.h */ = {isa = PBXFileReference; fileEncoding = 4; lastKnownFileType = sourcecode.c.h; path = "NSBundle+TZImagePicker.h"; sourceTree = "<group>"; };
		ABB4DAD02083767400B8B29A /* TZAssetModel.h */ = {isa = PBXFileReference; fileEncoding = 4; lastKnownFileType = sourcecode.c.h; path = TZAssetModel.h; sourceTree = "<group>"; };
		ABB4DAD12083767400B8B29A /* TZVideoPlayerController.h */ = {isa = PBXFileReference; fileEncoding = 4; lastKnownFileType = sourcecode.c.h; path = TZVideoPlayerController.h; sourceTree = "<group>"; };
		ABB4DAD22083767400B8B29A /* TZPhotoPreviewController.h */ = {isa = PBXFileReference; fileEncoding = 4; lastKnownFileType = sourcecode.c.h; path = TZPhotoPreviewController.h; sourceTree = "<group>"; };
		ABB4DAD32083767400B8B29A /* UIView+Layout.h */ = {isa = PBXFileReference; fileEncoding = 4; lastKnownFileType = sourcecode.c.h; path = "UIView+Layout.h"; sourceTree = "<group>"; };
		ABB4DAD42083767400B8B29A /* TZImagePickerController.m */ = {isa = PBXFileReference; fileEncoding = 4; lastKnownFileType = sourcecode.c.objc; path = TZImagePickerController.m; sourceTree = "<group>"; };
		ABB4DAD52083767400B8B29A /* TZLocationManager.m */ = {isa = PBXFileReference; fileEncoding = 4; lastKnownFileType = sourcecode.c.objc; path = TZLocationManager.m; sourceTree = "<group>"; };
		ABB4DAD62083767400B8B29A /* TZGifPhotoPreviewController.m */ = {isa = PBXFileReference; fileEncoding = 4; lastKnownFileType = sourcecode.c.objc; path = TZGifPhotoPreviewController.m; sourceTree = "<group>"; };
		ABB4DAD72083767400B8B29A /* TZProgressView.h */ = {isa = PBXFileReference; fileEncoding = 4; lastKnownFileType = sourcecode.c.h; path = TZProgressView.h; sourceTree = "<group>"; };
		ABB4DAE72083803A00B8B29A /* zh-Hans */ = {isa = PBXFileReference; lastKnownFileType = text.plist.strings; name = "zh-Hans"; path = "zh-Hans.lproj/Main.strings"; sourceTree = "<group>"; };
		ABB4DAE82083803B00B8B29A /* zh-Hans */ = {isa = PBXFileReference; lastKnownFileType = text.plist.strings; name = "zh-Hans"; path = "zh-Hans.lproj/LaunchScreen.strings"; sourceTree = "<group>"; };
		ABB4DAEA2083923F00B8B29A /* TopicSettingViewController.h */ = {isa = PBXFileReference; lastKnownFileType = sourcecode.c.h; path = TopicSettingViewController.h; sourceTree = "<group>"; };
		ABB4DAEB2083923F00B8B29A /* TopicSettingViewController.m */ = {isa = PBXFileReference; lastKnownFileType = sourcecode.c.objc; path = TopicSettingViewController.m; sourceTree = "<group>"; };
		ABB4DAED208392E100B8B29A /* TopicSettingTableViewCell.h */ = {isa = PBXFileReference; lastKnownFileType = sourcecode.c.h; path = TopicSettingTableViewCell.h; sourceTree = "<group>"; };
		ABB4DAEE208392E100B8B29A /* TopicSettingTableViewCell.m */ = {isa = PBXFileReference; lastKnownFileType = sourcecode.c.objc; path = TopicSettingTableViewCell.m; sourceTree = "<group>"; };
		ABB5AA8620775A0900B5D66B /* WD_QTableAdaptor.h */ = {isa = PBXFileReference; fileEncoding = 4; lastKnownFileType = sourcecode.c.h; path = WD_QTableAdaptor.h; sourceTree = "<group>"; };
		ABB5AA8720775A0900B5D66B /* WD_QTableBaseColAdaptor.m */ = {isa = PBXFileReference; fileEncoding = 4; lastKnownFileType = sourcecode.c.objc; path = WD_QTableBaseColAdaptor.m; sourceTree = "<group>"; };
		ABB5AA8820775A0900B5D66B /* WD_QTableParse.m */ = {isa = PBXFileReference; fileEncoding = 4; lastKnownFileType = sourcecode.c.objc; path = WD_QTableParse.m; sourceTree = "<group>"; };
		ABB5AA8920775A0900B5D66B /* WD_QTableBaseColAdaptor.h */ = {isa = PBXFileReference; fileEncoding = 4; lastKnownFileType = sourcecode.c.h; path = WD_QTableBaseColAdaptor.h; sourceTree = "<group>"; };
		ABB5AA8A20775A0900B5D66B /* WD_QTableAdaptor.m */ = {isa = PBXFileReference; fileEncoding = 4; lastKnownFileType = sourcecode.c.objc; path = WD_QTableAdaptor.m; sourceTree = "<group>"; };
		ABB5AA8B20775A0900B5D66B /* WD_QTableParse.h */ = {isa = PBXFileReference; fileEncoding = 4; lastKnownFileType = sourcecode.c.h; path = WD_QTableParse.h; sourceTree = "<group>"; };
		ABB5AA8D20775A0900B5D66B /* WD_QTableAutoLayoutConstructor.h */ = {isa = PBXFileReference; fileEncoding = 4; lastKnownFileType = sourcecode.c.h; path = WD_QTableAutoLayoutConstructor.h; sourceTree = "<group>"; };
		ABB5AA8E20775A0900B5D66B /* WD_QTableDefaultLayoutConstructor.m */ = {isa = PBXFileReference; fileEncoding = 4; lastKnownFileType = sourcecode.c.objc; path = WD_QTableDefaultLayoutConstructor.m; sourceTree = "<group>"; };
		ABB5AA8F20775A0900B5D66B /* WD_QTableAutoLayoutConstructor.m */ = {isa = PBXFileReference; fileEncoding = 4; lastKnownFileType = sourcecode.c.objc; path = WD_QTableAutoLayoutConstructor.m; sourceTree = "<group>"; };
		ABB5AA9020775A0900B5D66B /* WD_QTableDefaultLayoutConstructor.h */ = {isa = PBXFileReference; fileEncoding = 4; lastKnownFileType = sourcecode.c.h; path = WD_QTableDefaultLayoutConstructor.h; sourceTree = "<group>"; };
		ABB5AA9220775A0900B5D66B /* WD_QTableDefaultStyleConstructor.h */ = {isa = PBXFileReference; fileEncoding = 4; lastKnownFileType = sourcecode.c.h; path = WD_QTableDefaultStyleConstructor.h; sourceTree = "<group>"; };
		ABB5AA9320775A0900B5D66B /* WD_QTableDefaultStyleConstructor.m */ = {isa = PBXFileReference; fileEncoding = 4; lastKnownFileType = sourcecode.c.objc; path = WD_QTableDefaultStyleConstructor.m; sourceTree = "<group>"; };
		ABB5AA9520775A0900B5D66B /* WD_QViewModel.m */ = {isa = PBXFileReference; fileEncoding = 4; lastKnownFileType = sourcecode.c.objc; path = WD_QViewModel.m; sourceTree = "<group>"; };
		ABB5AA9620775A0900B5D66B /* WD_QViewModel.h */ = {isa = PBXFileReference; fileEncoding = 4; lastKnownFileType = sourcecode.c.h; path = WD_QViewModel.h; sourceTree = "<group>"; };
		ABB5AA9820775A0900B5D66B /* WD_QTableOtherViewCell.h */ = {isa = PBXFileReference; fileEncoding = 4; lastKnownFileType = sourcecode.c.h; path = WD_QTableOtherViewCell.h; sourceTree = "<group>"; };
		ABB5AA9920775A0900B5D66B /* WD_QTableDefaultReusableView.h */ = {isa = PBXFileReference; fileEncoding = 4; lastKnownFileType = sourcecode.c.h; path = WD_QTableDefaultReusableView.h; sourceTree = "<group>"; };
		ABB5AA9A20775A0900B5D66B /* WD_QTableDefaultViewCell.m */ = {isa = PBXFileReference; fileEncoding = 4; lastKnownFileType = sourcecode.c.objc; path = WD_QTableDefaultViewCell.m; sourceTree = "<group>"; };
		ABB5AA9B20775A0900B5D66B /* WD_QTableDefaultReusableView.m */ = {isa = PBXFileReference; fileEncoding = 4; lastKnownFileType = sourcecode.c.objc; path = WD_QTableDefaultReusableView.m; sourceTree = "<group>"; };
		ABB5AA9C20775A0900B5D66B /* WD_QTableOtherViewCell.m */ = {isa = PBXFileReference; fileEncoding = 4; lastKnownFileType = sourcecode.c.objc; path = WD_QTableOtherViewCell.m; sourceTree = "<group>"; };
		ABB5AA9D20775A0900B5D66B /* WD_QTableDefaultViewCell.h */ = {isa = PBXFileReference; fileEncoding = 4; lastKnownFileType = sourcecode.c.h; path = WD_QTableDefaultViewCell.h; sourceTree = "<group>"; };
		ABB5AA9F20775A0900B5D66B /* WD_QTable.h */ = {isa = PBXFileReference; fileEncoding = 4; lastKnownFileType = sourcecode.c.h; path = WD_QTable.h; sourceTree = "<group>"; };
		ABB5AAA020775A0900B5D66B /* WD_QTableHeader.h */ = {isa = PBXFileReference; fileEncoding = 4; lastKnownFileType = sourcecode.c.h; path = WD_QTableHeader.h; sourceTree = "<group>"; };
		ABB5AAA120775A0900B5D66B /* WD_QBaseTable.h */ = {isa = PBXFileReference; fileEncoding = 4; lastKnownFileType = sourcecode.c.h; path = WD_QBaseTable.h; sourceTree = "<group>"; };
		ABB5AAA320775A0900B5D66B /* JQ_CollectionViewLayout.m */ = {isa = PBXFileReference; fileEncoding = 4; lastKnownFileType = sourcecode.c.objc; path = JQ_CollectionViewLayout.m; sourceTree = "<group>"; };
		ABB5AAA420775A0900B5D66B /* JQ_CollectionViewLayoutInvalidationContext.h */ = {isa = PBXFileReference; fileEncoding = 4; lastKnownFileType = sourcecode.c.h; path = JQ_CollectionViewLayoutInvalidationContext.h; sourceTree = "<group>"; };
		ABB5AAA520775A0900B5D66B /* JQ_CollectionViewLayout.h */ = {isa = PBXFileReference; fileEncoding = 4; lastKnownFileType = sourcecode.c.h; path = JQ_CollectionViewLayout.h; sourceTree = "<group>"; };
		ABB5AAA620775A0900B5D66B /* JQ_CollectionViewLayoutInvalidationContext.m */ = {isa = PBXFileReference; fileEncoding = 4; lastKnownFileType = sourcecode.c.objc; path = JQ_CollectionViewLayoutInvalidationContext.m; sourceTree = "<group>"; };
		ABB5AAA720775A0900B5D66B /* WD_QRefreshTable.m */ = {isa = PBXFileReference; fileEncoding = 4; lastKnownFileType = sourcecode.c.objc; path = WD_QRefreshTable.m; sourceTree = "<group>"; };
		ABB5AAA820775A0900B5D66B /* WD_QTable.m */ = {isa = PBXFileReference; fileEncoding = 4; lastKnownFileType = sourcecode.c.objc; path = WD_QTable.m; sourceTree = "<group>"; };
		ABB5AAAA20775A0900B5D66B /* WD_QTableModel.h */ = {isa = PBXFileReference; fileEncoding = 4; lastKnownFileType = sourcecode.c.h; path = WD_QTableModel.h; sourceTree = "<group>"; };
		ABB5AAAB20775A0900B5D66B /* WD_QTableModel.m */ = {isa = PBXFileReference; fileEncoding = 4; lastKnownFileType = sourcecode.c.objc; path = WD_QTableModel.m; sourceTree = "<group>"; };
		ABB5AAAC20775A0900B5D66B /* WD_QBaseTable.m */ = {isa = PBXFileReference; fileEncoding = 4; lastKnownFileType = sourcecode.c.objc; path = WD_QBaseTable.m; sourceTree = "<group>"; };
		ABB5AAAE20775A0900B5D66B /* WD_QTableBaseViewCell.h */ = {isa = PBXFileReference; fileEncoding = 4; lastKnownFileType = sourcecode.c.h; path = WD_QTableBaseViewCell.h; sourceTree = "<group>"; };
		ABB5AAAF20775A0900B5D66B /* WD_QTableBaseReusableView.h */ = {isa = PBXFileReference; fileEncoding = 4; lastKnownFileType = sourcecode.c.h; path = WD_QTableBaseReusableView.h; sourceTree = "<group>"; };
		ABB5AAB020775A0900B5D66B /* WD_QTableBaseViewCell.m */ = {isa = PBXFileReference; fileEncoding = 4; lastKnownFileType = sourcecode.c.objc; path = WD_QTableBaseViewCell.m; sourceTree = "<group>"; };
		ABB5AAB120775A0900B5D66B /* WD_QTableBaseReusableView.m */ = {isa = PBXFileReference; fileEncoding = 4; lastKnownFileType = sourcecode.c.objc; path = WD_QTableBaseReusableView.m; sourceTree = "<group>"; };
		ABB5AAB220775A0900B5D66B /* WD_QRefreshTable.h */ = {isa = PBXFileReference; fileEncoding = 4; lastKnownFileType = sourcecode.c.h; path = WD_QRefreshTable.h; sourceTree = "<group>"; };
		ABB5AAB420775A0900B5D66B /* WD_QTableModelProtocol.h */ = {isa = PBXFileReference; fileEncoding = 4; lastKnownFileType = sourcecode.c.h; path = WD_QTableModelProtocol.h; sourceTree = "<group>"; };
		ABB5AAB520775A0900B5D66B /* WD_QTableChangeDelegate.h */ = {isa = PBXFileReference; fileEncoding = 4; lastKnownFileType = sourcecode.c.h; path = WD_QTableChangeDelegate.h; sourceTree = "<group>"; };
		ABB5AAB620775A0900B5D66B /* WD_QTableCellDelegate.h */ = {isa = PBXFileReference; fileEncoding = 4; lastKnownFileType = sourcecode.c.h; path = WD_QTableCellDelegate.h; sourceTree = "<group>"; };
		ABB5AAB720775A0900B5D66B /* WD_QTableLayoutConstructorDelegate.h */ = {isa = PBXFileReference; fileEncoding = 4; lastKnownFileType = sourcecode.c.h; path = WD_QTableLayoutConstructorDelegate.h; sourceTree = "<group>"; };
		ABB5AAB820775A0900B5D66B /* JQ_CollectionViewLayoutDelegate.h */ = {isa = PBXFileReference; fileEncoding = 4; lastKnownFileType = sourcecode.c.h; path = JQ_CollectionViewLayoutDelegate.h; sourceTree = "<group>"; };
		ABB5AAB920775A0900B5D66B /* WD_QTableStyleConstructorDelegate.h */ = {isa = PBXFileReference; fileEncoding = 4; lastKnownFileType = sourcecode.c.h; path = WD_QTableStyleConstructorDelegate.h; sourceTree = "<group>"; };
		ABF3E7AF207A60FB00587957 /* PlanEditViewController.h */ = {isa = PBXFileReference; fileEncoding = 4; lastKnownFileType = sourcecode.c.h; name = PlanEditViewController.h; path = PlanMoudle/PlanEditViewController.h; sourceTree = SOURCE_ROOT; };
		ABF3E7B0207A60FB00587957 /* PlanEditViewController.m */ = {isa = PBXFileReference; fileEncoding = 4; lastKnownFileType = sourcecode.c.objc; name = PlanEditViewController.m; path = PlanMoudle/PlanEditViewController.m; sourceTree = SOURCE_ROOT; };
		AD135D22206E08A50069BEEB /* EventCreateFlowViewController.h */ = {isa = PBXFileReference; lastKnownFileType = sourcecode.c.h; path = EventCreateFlowViewController.h; sourceTree = "<group>"; };
		AD135D23206E08A50069BEEB /* EventCreateFlowViewController.m */ = {isa = PBXFileReference; lastKnownFileType = sourcecode.c.objc; path = EventCreateFlowViewController.m; sourceTree = "<group>"; };
		AD135D25206E0A0B0069BEEB /* EventCreateStepViewController.h */ = {isa = PBXFileReference; lastKnownFileType = sourcecode.c.h; path = EventCreateStepViewController.h; sourceTree = "<group>"; };
		AD135D26206E0A0C0069BEEB /* EventCreateStepViewController.m */ = {isa = PBXFileReference; lastKnownFileType = sourcecode.c.objc; path = EventCreateStepViewController.m; sourceTree = "<group>"; };
		AD135D28206E0A280069BEEB /* EventModel.h */ = {isa = PBXFileReference; lastKnownFileType = sourcecode.c.h; path = EventModel.h; sourceTree = "<group>"; };
		AD135D29206E0A280069BEEB /* EventModel.m */ = {isa = PBXFileReference; lastKnownFileType = sourcecode.c.objc; path = EventModel.m; sourceTree = "<group>"; };
		AD135D2C206E0D860069BEEB /* CalendarManagerController.h */ = {isa = PBXFileReference; lastKnownFileType = sourcecode.c.h; path = CalendarManagerController.h; sourceTree = "<group>"; };
		AD135D2D206E0D860069BEEB /* CalendarManagerController.m */ = {isa = PBXFileReference; lastKnownFileType = sourcecode.c.objc; path = CalendarManagerController.m; sourceTree = "<group>"; };
		AD135D2F206E16BD0069BEEB /* EventCreateStartDateViewController.h */ = {isa = PBXFileReference; lastKnownFileType = sourcecode.c.h; path = EventCreateStartDateViewController.h; sourceTree = "<group>"; };
		AD135D30206E16BD0069BEEB /* EventCreateStartDateViewController.m */ = {isa = PBXFileReference; lastKnownFileType = sourcecode.c.objc; path = EventCreateStartDateViewController.m; sourceTree = "<group>"; };
		AD135D32206E17390069BEEB /* EventCreateEndDateViewController.h */ = {isa = PBXFileReference; lastKnownFileType = sourcecode.c.h; path = EventCreateEndDateViewController.h; sourceTree = "<group>"; };
		AD135D33206E17390069BEEB /* EventCreateEndDateViewController.m */ = {isa = PBXFileReference; lastKnownFileType = sourcecode.c.objc; path = EventCreateEndDateViewController.m; sourceTree = "<group>"; };
		AD135D35206E1BF90069BEEB /* EventTitleViewController.h */ = {isa = PBXFileReference; lastKnownFileType = sourcecode.c.h; path = EventTitleViewController.h; sourceTree = "<group>"; };
		AD135D36206E1BF90069BEEB /* EventTitleViewController.m */ = {isa = PBXFileReference; lastKnownFileType = sourcecode.c.objc; path = EventTitleViewController.m; sourceTree = "<group>"; };
		AD135D38206E1D870069BEEB /* EventCreateContentViewController.h */ = {isa = PBXFileReference; lastKnownFileType = sourcecode.c.h; path = EventCreateContentViewController.h; sourceTree = "<group>"; };
		AD135D39206E1D870069BEEB /* EventCreateContentViewController.m */ = {isa = PBXFileReference; lastKnownFileType = sourcecode.c.objc; path = EventCreateContentViewController.m; sourceTree = "<group>"; };
		AD135D3B206E1F590069BEEB /* EventSummaryViewController.h */ = {isa = PBXFileReference; lastKnownFileType = sourcecode.c.h; path = EventSummaryViewController.h; sourceTree = "<group>"; };
		AD135D3C206E1F590069BEEB /* EventSummaryViewController.m */ = {isa = PBXFileReference; lastKnownFileType = sourcecode.c.objc; path = EventSummaryViewController.m; sourceTree = "<group>"; };
		AD135D3E206E20BB0069BEEB /* EventSummaryTableViewCell.h */ = {isa = PBXFileReference; lastKnownFileType = sourcecode.c.h; path = EventSummaryTableViewCell.h; sourceTree = "<group>"; };
		AD135D3F206E20BB0069BEEB /* EventSummaryTableViewCell.m */ = {isa = PBXFileReference; lastKnownFileType = sourcecode.c.objc; path = EventSummaryTableViewCell.m; sourceTree = "<group>"; };
		AD1E62E6206B5BB8004C792B /* TimerDetailViewController.h */ = {isa = PBXFileReference; lastKnownFileType = sourcecode.c.h; path = TimerDetailViewController.h; sourceTree = "<group>"; };
		AD1E62E7206B5BB8004C792B /* TimerDetailViewController.m */ = {isa = PBXFileReference; lastKnownFileType = sourcecode.c.objc; path = TimerDetailViewController.m; sourceTree = "<group>"; };
		AD1E62ED206B88DF004C792B /* Q_navigationController.h */ = {isa = PBXFileReference; lastKnownFileType = sourcecode.c.h; path = Q_navigationController.h; sourceTree = "<group>"; };
		AD1E62EE206B88DF004C792B /* Q_navigationController.m */ = {isa = PBXFileReference; lastKnownFileType = sourcecode.c.objc; path = Q_navigationController.m; sourceTree = "<group>"; };
		AD22D6FD207DF72100BBCC71 /* HomeTitleTableViewCell.h */ = {isa = PBXFileReference; lastKnownFileType = sourcecode.c.h; path = HomeTitleTableViewCell.h; sourceTree = "<group>"; };
		AD22D6FE207DF72100BBCC71 /* HomeTitleTableViewCell.m */ = {isa = PBXFileReference; lastKnownFileType = sourcecode.c.objc; path = HomeTitleTableViewCell.m; sourceTree = "<group>"; };
		AD22D700207DF7C800BBCC71 /* HomeViewController.h */ = {isa = PBXFileReference; lastKnownFileType = sourcecode.c.h; path = HomeViewController.h; sourceTree = "<group>"; };
		AD22D701207DF7C800BBCC71 /* HomeViewController.m */ = {isa = PBXFileReference; lastKnownFileType = sourcecode.c.objc; path = HomeViewController.m; sourceTree = "<group>"; };
		AD22D703207E12F400BBCC71 /* EventSearchResultViewController.h */ = {isa = PBXFileReference; lastKnownFileType = sourcecode.c.h; path = EventSearchResultViewController.h; sourceTree = "<group>"; };
		AD22D704207E12F400BBCC71 /* EventSearchResultViewController.m */ = {isa = PBXFileReference; lastKnownFileType = sourcecode.c.objc; path = EventSearchResultViewController.m; sourceTree = "<group>"; };
		AD3A8E9620706E4F000CD3A4 /* Q_UIConfig.h */ = {isa = PBXFileReference; lastKnownFileType = sourcecode.c.h; path = Q_UIConfig.h; sourceTree = "<group>"; };
		AD3A8E9720706E4F000CD3A4 /* Q_UIConfig.m */ = {isa = PBXFileReference; lastKnownFileType = sourcecode.c.objc; path = Q_UIConfig.m; sourceTree = "<group>"; };
		AD3A8E9920706EA3000CD3A4 /* UIColor+Extension.h */ = {isa = PBXFileReference; fileEncoding = 4; lastKnownFileType = sourcecode.c.h; path = "UIColor+Extension.h"; sourceTree = "<group>"; };
		AD3A8E9A20706EA3000CD3A4 /* UIColor+Extension.m */ = {isa = PBXFileReference; fileEncoding = 4; lastKnownFileType = sourcecode.c.objc; path = "UIColor+Extension.m"; sourceTree = "<group>"; };
		AD52364A207C9A7D002F4037 /* PlanTemplate.json */ = {isa = PBXFileReference; lastKnownFileType = text.json; path = PlanTemplate.json; sourceTree = "<group>"; };
		AD52364C207CA4D7002F4037 /* PlanTemplateViewController.h */ = {isa = PBXFileReference; lastKnownFileType = sourcecode.c.h; path = PlanTemplateViewController.h; sourceTree = "<group>"; };
		AD52364D207CA4D7002F4037 /* PlanTemplateViewController.m */ = {isa = PBXFileReference; lastKnownFileType = sourcecode.c.objc; path = PlanTemplateViewController.m; sourceTree = "<group>"; };
		AD6AF0802068B8B600547D83 /* Q_TimerAxis.app */ = {isa = PBXFileReference; explicitFileType = wrapper.application; includeInIndex = 0; path = Q_TimerAxis.app; sourceTree = BUILT_PRODUCTS_DIR; };
		AD6AF0832068B8B600547D83 /* AppDelegate.h */ = {isa = PBXFileReference; lastKnownFileType = sourcecode.c.h; path = AppDelegate.h; sourceTree = "<group>"; };
		AD6AF0842068B8B700547D83 /* AppDelegate.m */ = {isa = PBXFileReference; lastKnownFileType = sourcecode.c.objc; path = AppDelegate.m; sourceTree = "<group>"; };
		AD6AF08A2068B8B700547D83 /* Base */ = {isa = PBXFileReference; lastKnownFileType = file.storyboard; name = Base; path = Base.lproj/Main.storyboard; sourceTree = "<group>"; };
		AD6AF08D2068B8B700547D83 /* Q_TimerAxis.xcdatamodel */ = {isa = PBXFileReference; lastKnownFileType = wrapper.xcdatamodel; path = Q_TimerAxis.xcdatamodel; sourceTree = "<group>"; };
		AD6AF08F2068B8B700547D83 /* Assets.xcassets */ = {isa = PBXFileReference; lastKnownFileType = folder.assetcatalog; path = Assets.xcassets; sourceTree = "<group>"; };
		AD6AF0922068B8B700547D83 /* Base */ = {isa = PBXFileReference; lastKnownFileType = file.storyboard; name = Base; path = Base.lproj/LaunchScreen.storyboard; sourceTree = "<group>"; };
		AD6AF0942068B8B700547D83 /* Info.plist */ = {isa = PBXFileReference; lastKnownFileType = text.plist.xml; path = Info.plist; sourceTree = "<group>"; };
		AD6AF0952068B8B800547D83 /* main.m */ = {isa = PBXFileReference; lastKnownFileType = sourcecode.c.objc; path = main.m; sourceTree = "<group>"; };
		AD6AF09B2068B8B800547D83 /* Q_TimerAxisTests.xctest */ = {isa = PBXFileReference; explicitFileType = wrapper.cfbundle; includeInIndex = 0; path = Q_TimerAxisTests.xctest; sourceTree = BUILT_PRODUCTS_DIR; };
		AD6AF09F2068B8B800547D83 /* Q_TimerAxisTests.m */ = {isa = PBXFileReference; lastKnownFileType = sourcecode.c.objc; path = Q_TimerAxisTests.m; sourceTree = "<group>"; };
		AD6AF0A12068B8B800547D83 /* Info.plist */ = {isa = PBXFileReference; lastKnownFileType = text.plist.xml; path = Info.plist; sourceTree = "<group>"; };
		AD6AF0A62068B8B800547D83 /* Q_TimerAxisUITests.xctest */ = {isa = PBXFileReference; explicitFileType = wrapper.cfbundle; includeInIndex = 0; path = Q_TimerAxisUITests.xctest; sourceTree = BUILT_PRODUCTS_DIR; };
		AD6AF0AA2068B8B800547D83 /* Q_TimerAxisUITests.m */ = {isa = PBXFileReference; lastKnownFileType = sourcecode.c.objc; path = Q_TimerAxisUITests.m; sourceTree = "<group>"; };
		AD6AF0AC2068B8B800547D83 /* Info.plist */ = {isa = PBXFileReference; lastKnownFileType = text.plist.xml; path = Info.plist; sourceTree = "<group>"; };
		AD6AF0B92068B99400547D83 /* Q_coreDataHelper.h */ = {isa = PBXFileReference; fileEncoding = 4; lastKnownFileType = sourcecode.c.h; path = Q_coreDataHelper.h; sourceTree = "<group>"; };
		AD6AF0BA2068B99400547D83 /* Q_coreDataHelper.m */ = {isa = PBXFileReference; fileEncoding = 4; lastKnownFileType = sourcecode.c.objc; path = Q_coreDataHelper.m; sourceTree = "<group>"; };
		AD6AF0CA2068E7B400547D83 /* Q_TimeLine+CoreDataClass.h */ = {isa = PBXFileReference; lastKnownFileType = sourcecode.c.h; path = "Q_TimeLine+CoreDataClass.h"; sourceTree = "<group>"; };
		AD6AF0CB2068E7B400547D83 /* Q_TimeLine+CoreDataClass.m */ = {isa = PBXFileReference; lastKnownFileType = sourcecode.c.objc; path = "Q_TimeLine+CoreDataClass.m"; sourceTree = "<group>"; };
		AD6AF0CC2068E7B400547D83 /* Q_TimeLine+CoreDataProperties.h */ = {isa = PBXFileReference; lastKnownFileType = sourcecode.c.h; path = "Q_TimeLine+CoreDataProperties.h"; sourceTree = "<group>"; };
		AD6AF0CD2068E7B400547D83 /* Q_TimeLine+CoreDataProperties.m */ = {isa = PBXFileReference; lastKnownFileType = sourcecode.c.objc; path = "Q_TimeLine+CoreDataProperties.m"; sourceTree = "<group>"; };
		AD70BB88207CD5F60058EB61 /* Q_Plan+CoreDataClass.h */ = {isa = PBXFileReference; lastKnownFileType = sourcecode.c.h; path = "Q_Plan+CoreDataClass.h"; sourceTree = "<group>"; };
		AD70BB89207CD5F60058EB61 /* Q_Plan+CoreDataClass.m */ = {isa = PBXFileReference; lastKnownFileType = sourcecode.c.objc; path = "Q_Plan+CoreDataClass.m"; sourceTree = "<group>"; };
		AD70BB8A207CD5F60058EB61 /* Q_Plan+CoreDataProperties.h */ = {isa = PBXFileReference; lastKnownFileType = sourcecode.c.h; path = "Q_Plan+CoreDataProperties.h"; sourceTree = "<group>"; };
		AD70BB8B207CD5F60058EB61 /* Q_Plan+CoreDataProperties.m */ = {isa = PBXFileReference; lastKnownFileType = sourcecode.c.objc; path = "Q_Plan+CoreDataProperties.m"; sourceTree = "<group>"; };
		ADAB7884207B21D900F219A5 /* PlanViewController.h */ = {isa = PBXFileReference; lastKnownFileType = sourcecode.c.h; path = PlanViewController.h; sourceTree = "<group>"; };
		ADAB7885207B21D900F219A5 /* PlanViewController.m */ = {isa = PBXFileReference; lastKnownFileType = sourcecode.c.objc; path = PlanViewController.m; sourceTree = "<group>"; };
		ADAB7893207B3FA500F219A5 /* Q_TabBarController.h */ = {isa = PBXFileReference; lastKnownFileType = sourcecode.c.h; path = Q_TabBarController.h; sourceTree = "<group>"; };
		ADAB7894207B3FA500F219A5 /* Q_TabBarController.m */ = {isa = PBXFileReference; lastKnownFileType = sourcecode.c.objc; path = Q_TabBarController.m; sourceTree = "<group>"; };
		ADAB7896207B4C3F00F219A5 /* PlanTableViewCell.h */ = {isa = PBXFileReference; lastKnownFileType = sourcecode.c.h; path = PlanTableViewCell.h; sourceTree = "<group>"; };
		ADAB7897207B4C3F00F219A5 /* PlanTableViewCell.m */ = {isa = PBXFileReference; lastKnownFileType = sourcecode.c.objc; path = PlanTableViewCell.m; sourceTree = "<group>"; };
		ADC30DD1207387E8002AE183 /* UIAlertController+Q_Alert.h */ = {isa = PBXFileReference; lastKnownFileType = sourcecode.c.h; path = "UIAlertController+Q_Alert.h"; sourceTree = "<group>"; };
		ADC30DD2207387E8002AE183 /* UIAlertController+Q_Alert.m */ = {isa = PBXFileReference; lastKnownFileType = sourcecode.c.objc; path = "UIAlertController+Q_Alert.m"; sourceTree = "<group>"; };
		ADCDD69B2074DEC6003C8D65 /* PlanDetailViewController.h */ = {isa = PBXFileReference; lastKnownFileType = sourcecode.c.h; path = PlanDetailViewController.h; sourceTree = "<group>"; };
		ADCDD69C2074DEC6003C8D65 /* PlanDetailViewController.m */ = {isa = PBXFileReference; lastKnownFileType = sourcecode.c.objc; path = PlanDetailViewController.m; sourceTree = "<group>"; };
		ADCDD69F2074DEFB003C8D65 /* EditTableStyleConstructor.h */ = {isa = PBXFileReference; fileEncoding = 4; lastKnownFileType = sourcecode.c.h; path = EditTableStyleConstructor.h; sourceTree = "<group>"; };
		ADCDD6A02074DEFB003C8D65 /* EditTableStyleConstructor.m */ = {isa = PBXFileReference; fileEncoding = 4; lastKnownFileType = sourcecode.c.objc; path = EditTableStyleConstructor.m; sourceTree = "<group>"; };
		ADCDD6A22074DEFB003C8D65 /* EditTableCell.h */ = {isa = PBXFileReference; fileEncoding = 4; lastKnownFileType = sourcecode.c.h; path = EditTableCell.h; sourceTree = "<group>"; };
		ADCDD6A32074DEFB003C8D65 /* EditTableCell.m */ = {isa = PBXFileReference; fileEncoding = 4; lastKnownFileType = sourcecode.c.objc; path = EditTableCell.m; sourceTree = "<group>"; };
		ADCDD6A42074DEFB003C8D65 /* EditTableReusableView.h */ = {isa = PBXFileReference; fileEncoding = 4; lastKnownFileType = sourcecode.c.h; path = EditTableReusableView.h; sourceTree = "<group>"; };
		ADCDD6A52074DEFB003C8D65 /* EditTableReusableView.m */ = {isa = PBXFileReference; fileEncoding = 4; lastKnownFileType = sourcecode.c.objc; path = EditTableReusableView.m; sourceTree = "<group>"; };
		ADECD0422069DB9D00C2F3AB /* EventViewController.h */ = {isa = PBXFileReference; lastKnownFileType = sourcecode.c.h; path = EventViewController.h; sourceTree = "<group>"; };
		ADECD0432069DB9D00C2F3AB /* EventViewController.m */ = {isa = PBXFileReference; lastKnownFileType = sourcecode.c.objc; path = EventViewController.m; sourceTree = "<group>"; };
		ADECD0452069DE2E00C2F3AB /* TimerViewController.h */ = {isa = PBXFileReference; lastKnownFileType = sourcecode.c.h; path = TimerViewController.h; sourceTree = "<group>"; };
		ADECD0462069DE2E00C2F3AB /* TimerViewController.m */ = {isa = PBXFileReference; lastKnownFileType = sourcecode.c.objc; path = TimerViewController.m; sourceTree = "<group>"; };
		ADECD0482069E22000C2F3AB /* Q_Event+CoreDataClass.h */ = {isa = PBXFileReference; lastKnownFileType = sourcecode.c.h; path = "Q_Event+CoreDataClass.h"; sourceTree = "<group>"; };
		ADECD0492069E22000C2F3AB /* Q_Event+CoreDataClass.m */ = {isa = PBXFileReference; lastKnownFileType = sourcecode.c.objc; path = "Q_Event+CoreDataClass.m"; sourceTree = "<group>"; };
		ADECD04A2069E22000C2F3AB /* Q_Event+CoreDataProperties.h */ = {isa = PBXFileReference; lastKnownFileType = sourcecode.c.h; path = "Q_Event+CoreDataProperties.h"; sourceTree = "<group>"; };
		ADECD04B2069E22000C2F3AB /* Q_Event+CoreDataProperties.m */ = {isa = PBXFileReference; lastKnownFileType = sourcecode.c.objc; path = "Q_Event+CoreDataProperties.m"; sourceTree = "<group>"; };
		ADECD0512069F53100C2F3AB /* CoreDataTableViewController.h */ = {isa = PBXFileReference; lastKnownFileType = sourcecode.c.h; path = CoreDataTableViewController.h; sourceTree = "<group>"; };
		ADECD0522069F53100C2F3AB /* CoreDataTableViewController.m */ = {isa = PBXFileReference; lastKnownFileType = sourcecode.c.objc; path = CoreDataTableViewController.m; sourceTree = "<group>"; };
		ADECD054206A0A3200C2F3AB /* EventTableViewCell.h */ = {isa = PBXFileReference; lastKnownFileType = sourcecode.c.h; path = EventTableViewCell.h; sourceTree = "<group>"; };
		ADECD055206A0A3200C2F3AB /* EventTableViewCell.m */ = {isa = PBXFileReference; lastKnownFileType = sourcecode.c.objc; path = EventTableViewCell.m; sourceTree = "<group>"; };
		ADECD057206A105600C2F3AB /* NSDate+Extension.h */ = {isa = PBXFileReference; lastKnownFileType = sourcecode.c.h; path = "NSDate+Extension.h"; sourceTree = "<group>"; };
		ADECD058206A105600C2F3AB /* NSDate+Extension.m */ = {isa = PBXFileReference; lastKnownFileType = sourcecode.c.objc; path = "NSDate+Extension.m"; sourceTree = "<group>"; };
		ADECD05B206A140000C2F3AB /* Info.plist */ = {isa = PBXFileReference; fileEncoding = 4; lastKnownFileType = text.plist.xml; path = Info.plist; sourceTree = "<group>"; };
		ADECD05C206A140000C2F3AB /* JTCalendar.h */ = {isa = PBXFileReference; fileEncoding = 4; lastKnownFileType = sourcecode.c.h; path = JTCalendar.h; sourceTree = "<group>"; };
		ADECD05D206A140000C2F3AB /* JTCalendarDelegate.h */ = {isa = PBXFileReference; fileEncoding = 4; lastKnownFileType = sourcecode.c.h; path = JTCalendarDelegate.h; sourceTree = "<group>"; };
		ADECD05E206A140000C2F3AB /* JTCalendarManager.h */ = {isa = PBXFileReference; fileEncoding = 4; lastKnownFileType = sourcecode.c.h; path = JTCalendarManager.h; sourceTree = "<group>"; };
		ADECD05F206A140000C2F3AB /* JTCalendarManager.m */ = {isa = PBXFileReference; fileEncoding = 4; lastKnownFileType = sourcecode.c.objc; path = JTCalendarManager.m; sourceTree = "<group>"; };
		ADECD060206A140000C2F3AB /* JTCalendarSettings.h */ = {isa = PBXFileReference; fileEncoding = 4; lastKnownFileType = sourcecode.c.h; path = JTCalendarSettings.h; sourceTree = "<group>"; };
		ADECD061206A140000C2F3AB /* JTCalendarSettings.m */ = {isa = PBXFileReference; fileEncoding = 4; lastKnownFileType = sourcecode.c.objc; path = JTCalendarSettings.m; sourceTree = "<group>"; };
		ADECD062206A140000C2F3AB /* JTDateHelper.h */ = {isa = PBXFileReference; fileEncoding = 4; lastKnownFileType = sourcecode.c.h; path = JTDateHelper.h; sourceTree = "<group>"; };
		ADECD063206A140000C2F3AB /* JTDateHelper.m */ = {isa = PBXFileReference; fileEncoding = 4; lastKnownFileType = sourcecode.c.objc; path = JTDateHelper.m; sourceTree = "<group>"; };
		ADECD065206A140000C2F3AB /* JTCalendarDelegateManager.h */ = {isa = PBXFileReference; fileEncoding = 4; lastKnownFileType = sourcecode.c.h; path = JTCalendarDelegateManager.h; sourceTree = "<group>"; };
		ADECD066206A140000C2F3AB /* JTCalendarDelegateManager.m */ = {isa = PBXFileReference; fileEncoding = 4; lastKnownFileType = sourcecode.c.objc; path = JTCalendarDelegateManager.m; sourceTree = "<group>"; };
		ADECD067206A140000C2F3AB /* JTCalendarScrollManager.h */ = {isa = PBXFileReference; fileEncoding = 4; lastKnownFileType = sourcecode.c.h; path = JTCalendarScrollManager.h; sourceTree = "<group>"; };
		ADECD068206A140000C2F3AB /* JTCalendarScrollManager.m */ = {isa = PBXFileReference; fileEncoding = 4; lastKnownFileType = sourcecode.c.objc; path = JTCalendarScrollManager.m; sourceTree = "<group>"; };
		ADECD06A206A140000C2F3AB /* JTCalendarDay.h */ = {isa = PBXFileReference; fileEncoding = 4; lastKnownFileType = sourcecode.c.h; path = JTCalendarDay.h; sourceTree = "<group>"; };
		ADECD06B206A140000C2F3AB /* JTCalendarPage.h */ = {isa = PBXFileReference; fileEncoding = 4; lastKnownFileType = sourcecode.c.h; path = JTCalendarPage.h; sourceTree = "<group>"; };
		ADECD06C206A140000C2F3AB /* JTCalendarWeek.h */ = {isa = PBXFileReference; fileEncoding = 4; lastKnownFileType = sourcecode.c.h; path = JTCalendarWeek.h; sourceTree = "<group>"; };
		ADECD06D206A140000C2F3AB /* JTCalendarWeekDay.h */ = {isa = PBXFileReference; fileEncoding = 4; lastKnownFileType = sourcecode.c.h; path = JTCalendarWeekDay.h; sourceTree = "<group>"; };
		ADECD06E206A140000C2F3AB /* JTContent.h */ = {isa = PBXFileReference; fileEncoding = 4; lastKnownFileType = sourcecode.c.h; path = JTContent.h; sourceTree = "<group>"; };
		ADECD06F206A140000C2F3AB /* JTMenu.h */ = {isa = PBXFileReference; fileEncoding = 4; lastKnownFileType = sourcecode.c.h; path = JTMenu.h; sourceTree = "<group>"; };
		ADECD071206A140000C2F3AB /* JTCalendarDayView.h */ = {isa = PBXFileReference; fileEncoding = 4; lastKnownFileType = sourcecode.c.h; path = JTCalendarDayView.h; sourceTree = "<group>"; };
		ADECD072206A140000C2F3AB /* JTCalendarDayView.m */ = {isa = PBXFileReference; fileEncoding = 4; lastKnownFileType = sourcecode.c.objc; path = JTCalendarDayView.m; sourceTree = "<group>"; };
		ADECD073206A140000C2F3AB /* JTCalendarMenuView.h */ = {isa = PBXFileReference; fileEncoding = 4; lastKnownFileType = sourcecode.c.h; path = JTCalendarMenuView.h; sourceTree = "<group>"; };
		ADECD074206A140000C2F3AB /* JTCalendarMenuView.m */ = {isa = PBXFileReference; fileEncoding = 4; lastKnownFileType = sourcecode.c.objc; path = JTCalendarMenuView.m; sourceTree = "<group>"; };
		ADECD075206A140000C2F3AB /* JTCalendarPageView.h */ = {isa = PBXFileReference; fileEncoding = 4; lastKnownFileType = sourcecode.c.h; path = JTCalendarPageView.h; sourceTree = "<group>"; };
		ADECD076206A140000C2F3AB /* JTCalendarPageView.m */ = {isa = PBXFileReference; fileEncoding = 4; lastKnownFileType = sourcecode.c.objc; path = JTCalendarPageView.m; sourceTree = "<group>"; };
		ADECD077206A140000C2F3AB /* JTCalendarWeekDayView.h */ = {isa = PBXFileReference; fileEncoding = 4; lastKnownFileType = sourcecode.c.h; path = JTCalendarWeekDayView.h; sourceTree = "<group>"; };
		ADECD078206A140000C2F3AB /* JTCalendarWeekDayView.m */ = {isa = PBXFileReference; fileEncoding = 4; lastKnownFileType = sourcecode.c.objc; path = JTCalendarWeekDayView.m; sourceTree = "<group>"; };
		ADECD079206A140000C2F3AB /* JTCalendarWeekView.h */ = {isa = PBXFileReference; fileEncoding = 4; lastKnownFileType = sourcecode.c.h; path = JTCalendarWeekView.h; sourceTree = "<group>"; };
		ADECD07A206A140000C2F3AB /* JTCalendarWeekView.m */ = {isa = PBXFileReference; fileEncoding = 4; lastKnownFileType = sourcecode.c.objc; path = JTCalendarWeekView.m; sourceTree = "<group>"; };
		ADECD07B206A140000C2F3AB /* JTHorizontalCalendarView.h */ = {isa = PBXFileReference; fileEncoding = 4; lastKnownFileType = sourcecode.c.h; path = JTHorizontalCalendarView.h; sourceTree = "<group>"; };
		ADECD07C206A140000C2F3AB /* JTHorizontalCalendarView.m */ = {isa = PBXFileReference; fileEncoding = 4; lastKnownFileType = sourcecode.c.objc; path = JTHorizontalCalendarView.m; sourceTree = "<group>"; };
		ADECD07D206A140000C2F3AB /* JTVerticalCalendarView.h */ = {isa = PBXFileReference; fileEncoding = 4; lastKnownFileType = sourcecode.c.h; path = JTVerticalCalendarView.h; sourceTree = "<group>"; };
		ADECD07E206A140000C2F3AB /* JTVerticalCalendarView.m */ = {isa = PBXFileReference; fileEncoding = 4; lastKnownFileType = sourcecode.c.objc; path = JTVerticalCalendarView.m; sourceTree = "<group>"; };
		ADECD090206A66C500C2F3AB /* TimeLineTableViewCell.h */ = {isa = PBXFileReference; lastKnownFileType = sourcecode.c.h; path = TimeLineTableViewCell.h; sourceTree = "<group>"; };
		ADECD091206A66C500C2F3AB /* TimeLineTableViewCell.m */ = {isa = PBXFileReference; lastKnownFileType = sourcecode.c.objc; path = TimeLineTableViewCell.m; sourceTree = "<group>"; };
/* End PBXFileReference section */

/* Begin PBXFrameworksBuildPhase section */
		AD6AF07D2068B8B600547D83 /* Frameworks */ = {
			isa = PBXFrameworksBuildPhase;
			buildActionMask = 2147483647;
			files = (
			);
			runOnlyForDeploymentPostprocessing = 0;
		};
		AD6AF0982068B8B800547D83 /* Frameworks */ = {
			isa = PBXFrameworksBuildPhase;
			buildActionMask = 2147483647;
			files = (
			);
			runOnlyForDeploymentPostprocessing = 0;
		};
		AD6AF0A32068B8B800547D83 /* Frameworks */ = {
			isa = PBXFrameworksBuildPhase;
			buildActionMask = 2147483647;
			files = (
			);
			runOnlyForDeploymentPostprocessing = 0;
		};
/* End PBXFrameworksBuildPhase section */

/* Begin PBXGroup section */
		ABB4DABA2083767400B8B29A /* TZImagePickerController */ = {
			isa = PBXGroup;
			children = (
				ABB4DABB2083767400B8B29A /* TZPhotoPreviewCell.h */,
				ABB4DABC2083767400B8B29A /* TZPhotoPickerController.h */,
				ABB4DABD2083767400B8B29A /* TZImageCropManager.m */,
				ABB4DABE2083767400B8B29A /* TZImageManager.h */,
				ABB4DABF2083767400B8B29A /* TZAssetCell.m */,
				ABB4DAC02083767400B8B29A /* TZVideoPlayerController.m */,
				ABB4DAC12083767400B8B29A /* TZAssetModel.m */,
				ABB4DAC22083767400B8B29A /* NSBundle+TZImagePicker.m */,
				ABB4DAC32083767400B8B29A /* TZLocationManager.h */,
				ABB4DAC42083767400B8B29A /* TZImagePickerController.h */,
				ABB4DAC52083767400B8B29A /* UIView+Layout.m */,
				ABB4DAC62083767400B8B29A /* TZPhotoPreviewController.m */,
				ABB4DAC72083767400B8B29A /* TZImagePickerController.bundle */,
				ABB4DAC82083767400B8B29A /* TZProgressView.m */,
				ABB4DAC92083767400B8B29A /* TZGifPhotoPreviewController.h */,
				ABB4DACA2083767400B8B29A /* TZAssetCell.h */,
				ABB4DACB2083767400B8B29A /* TZImageManager.m */,
				ABB4DACC2083767400B8B29A /* TZImageCropManager.h */,
				ABB4DACD2083767400B8B29A /* TZPhotoPickerController.m */,
				ABB4DACE2083767400B8B29A /* TZPhotoPreviewCell.m */,
				ABB4DACF2083767400B8B29A /* NSBundle+TZImagePicker.h */,
				ABB4DAD02083767400B8B29A /* TZAssetModel.h */,
				ABB4DAD12083767400B8B29A /* TZVideoPlayerController.h */,
				ABB4DAD22083767400B8B29A /* TZPhotoPreviewController.h */,
				ABB4DAD32083767400B8B29A /* UIView+Layout.h */,
				ABB4DAD42083767400B8B29A /* TZImagePickerController.m */,
				ABB4DAD52083767400B8B29A /* TZLocationManager.m */,
				ABB4DAD62083767400B8B29A /* TZGifPhotoPreviewController.m */,
				ABB4DAD72083767400B8B29A /* TZProgressView.h */,
			);
			path = TZImagePickerController;
			sourceTree = "<group>";
		};
		ABB4DAE92083921100B8B29A /* settingMoudle */ = {
			isa = PBXGroup;
			children = (
				ABB4DAEA2083923F00B8B29A /* TopicSettingViewController.h */,
				ABB4DAEB2083923F00B8B29A /* TopicSettingViewController.m */,
				ABB4DAED208392E100B8B29A /* TopicSettingTableViewCell.h */,
				ABB4DAEE208392E100B8B29A /* TopicSettingTableViewCell.m */,
			);
			path = settingMoudle;
			sourceTree = "<group>";
		};
		ABB5AA8320775A0900B5D66B /* WD_QTable */ = {
			isa = PBXGroup;
			children = (
				ABB5AA9E20775A0900B5D66B /* Main */,
				ABB5AAB320775A0900B5D66B /* Protocols */,
				ABB5AA8420775A0900B5D66B /* Template */,
			);
			path = WD_QTable;
			sourceTree = "<group>";
		};
		ABB5AA8420775A0900B5D66B /* Template */ = {
			isa = PBXGroup;
			children = (
				ABB5AA8520775A0900B5D66B /* Tools */,
				ABB5AA8C20775A0900B5D66B /* layout */,
				ABB5AA9120775A0900B5D66B /* style */,
				ABB5AA9420775A0900B5D66B /* Model */,
				ABB5AA9720775A0900B5D66B /* Views */,
			);
			path = Template;
			sourceTree = "<group>";
		};
		ABB5AA8520775A0900B5D66B /* Tools */ = {
			isa = PBXGroup;
			children = (
				ABB5AA8620775A0900B5D66B /* WD_QTableAdaptor.h */,
				ABB5AA8A20775A0900B5D66B /* WD_QTableAdaptor.m */,
				ABB5AA8B20775A0900B5D66B /* WD_QTableParse.h */,
				ABB5AA8820775A0900B5D66B /* WD_QTableParse.m */,
				ABB5AA8920775A0900B5D66B /* WD_QTableBaseColAdaptor.h */,
				ABB5AA8720775A0900B5D66B /* WD_QTableBaseColAdaptor.m */,
			);
			path = Tools;
			sourceTree = "<group>";
		};
		ABB5AA8C20775A0900B5D66B /* layout */ = {
			isa = PBXGroup;
			children = (
				ABB5AA8D20775A0900B5D66B /* WD_QTableAutoLayoutConstructor.h */,
				ABB5AA8E20775A0900B5D66B /* WD_QTableDefaultLayoutConstructor.m */,
				ABB5AA9020775A0900B5D66B /* WD_QTableDefaultLayoutConstructor.h */,
				ABB5AA8F20775A0900B5D66B /* WD_QTableAutoLayoutConstructor.m */,
			);
			path = layout;
			sourceTree = "<group>";
		};
		ABB5AA9120775A0900B5D66B /* style */ = {
			isa = PBXGroup;
			children = (
				ABB5AA9220775A0900B5D66B /* WD_QTableDefaultStyleConstructor.h */,
				ABB5AA9320775A0900B5D66B /* WD_QTableDefaultStyleConstructor.m */,
			);
			path = style;
			sourceTree = "<group>";
		};
		ABB5AA9420775A0900B5D66B /* Model */ = {
			isa = PBXGroup;
			children = (
				ABB5AA9520775A0900B5D66B /* WD_QViewModel.m */,
				ABB5AA9620775A0900B5D66B /* WD_QViewModel.h */,
			);
			path = Model;
			sourceTree = "<group>";
		};
		ABB5AA9720775A0900B5D66B /* Views */ = {
			isa = PBXGroup;
			children = (
				ABB5AA9820775A0900B5D66B /* WD_QTableOtherViewCell.h */,
				ABB5AA9920775A0900B5D66B /* WD_QTableDefaultReusableView.h */,
				ABB5AA9A20775A0900B5D66B /* WD_QTableDefaultViewCell.m */,
				ABB5AA9B20775A0900B5D66B /* WD_QTableDefaultReusableView.m */,
				ABB5AA9C20775A0900B5D66B /* WD_QTableOtherViewCell.m */,
				ABB5AA9D20775A0900B5D66B /* WD_QTableDefaultViewCell.h */,
			);
			path = Views;
			sourceTree = "<group>";
		};
		ABB5AA9E20775A0900B5D66B /* Main */ = {
			isa = PBXGroup;
			children = (
				ABB5AAA020775A0900B5D66B /* WD_QTableHeader.h */,
				ABB5AA9F20775A0900B5D66B /* WD_QTable.h */,
				ABB5AAA820775A0900B5D66B /* WD_QTable.m */,
				ABB5AAA120775A0900B5D66B /* WD_QBaseTable.h */,
				ABB5AAAC20775A0900B5D66B /* WD_QBaseTable.m */,
				ABB5AAB220775A0900B5D66B /* WD_QRefreshTable.h */,
				ABB5AAA720775A0900B5D66B /* WD_QRefreshTable.m */,
				ABB5AAA220775A0900B5D66B /* Layout */,
				ABB5AAA920775A0900B5D66B /* Model */,
				ABB5AAAD20775A0900B5D66B /* Views */,
			);
			path = Main;
			sourceTree = "<group>";
		};
		ABB5AAA220775A0900B5D66B /* Layout */ = {
			isa = PBXGroup;
			children = (
				ABB5AAA320775A0900B5D66B /* JQ_CollectionViewLayout.m */,
				ABB5AAA420775A0900B5D66B /* JQ_CollectionViewLayoutInvalidationContext.h */,
				ABB5AAA520775A0900B5D66B /* JQ_CollectionViewLayout.h */,
				ABB5AAA620775A0900B5D66B /* JQ_CollectionViewLayoutInvalidationContext.m */,
			);
			path = Layout;
			sourceTree = "<group>";
		};
		ABB5AAA920775A0900B5D66B /* Model */ = {
			isa = PBXGroup;
			children = (
				ABB5AAAA20775A0900B5D66B /* WD_QTableModel.h */,
				ABB5AAAB20775A0900B5D66B /* WD_QTableModel.m */,
			);
			path = Model;
			sourceTree = "<group>";
		};
		ABB5AAAD20775A0900B5D66B /* Views */ = {
			isa = PBXGroup;
			children = (
				ABB5AAAE20775A0900B5D66B /* WD_QTableBaseViewCell.h */,
				ABB5AAAF20775A0900B5D66B /* WD_QTableBaseReusableView.h */,
				ABB5AAB020775A0900B5D66B /* WD_QTableBaseViewCell.m */,
				ABB5AAB120775A0900B5D66B /* WD_QTableBaseReusableView.m */,
			);
			path = Views;
			sourceTree = "<group>";
		};
		ABB5AAB320775A0900B5D66B /* Protocols */ = {
			isa = PBXGroup;
			children = (
				ABB5AAB420775A0900B5D66B /* WD_QTableModelProtocol.h */,
				ABB5AAB520775A0900B5D66B /* WD_QTableChangeDelegate.h */,
				ABB5AAB620775A0900B5D66B /* WD_QTableCellDelegate.h */,
				ABB5AAB720775A0900B5D66B /* WD_QTableLayoutConstructorDelegate.h */,
				ABB5AAB820775A0900B5D66B /* JQ_CollectionViewLayoutDelegate.h */,
				ABB5AAB920775A0900B5D66B /* WD_QTableStyleConstructorDelegate.h */,
			);
			path = Protocols;
			sourceTree = "<group>";
		};
		AD135D2B206E0CBE0069BEEB /* CreateEventMoudle */ = {
			isa = PBXGroup;
			children = (
				AD135D2C206E0D860069BEEB /* CalendarManagerController.h */,
				AD135D2D206E0D860069BEEB /* CalendarManagerController.m */,
				AD135D22206E08A50069BEEB /* EventCreateFlowViewController.h */,
				AD135D23206E08A50069BEEB /* EventCreateFlowViewController.m */,
				AD135D25206E0A0B0069BEEB /* EventCreateStepViewController.h */,
				AD135D26206E0A0C0069BEEB /* EventCreateStepViewController.m */,
				AD135D2F206E16BD0069BEEB /* EventCreateStartDateViewController.h */,
				AD135D30206E16BD0069BEEB /* EventCreateStartDateViewController.m */,
				AD135D32206E17390069BEEB /* EventCreateEndDateViewController.h */,
				AD135D33206E17390069BEEB /* EventCreateEndDateViewController.m */,
				AD135D35206E1BF90069BEEB /* EventTitleViewController.h */,
				AD135D36206E1BF90069BEEB /* EventTitleViewController.m */,
				AD135D38206E1D870069BEEB /* EventCreateContentViewController.h */,
				AD135D39206E1D870069BEEB /* EventCreateContentViewController.m */,
				AD135D3B206E1F590069BEEB /* EventSummaryViewController.h */,
				AD135D3C206E1F590069BEEB /* EventSummaryViewController.m */,
				AD135D3E206E20BB0069BEEB /* EventSummaryTableViewCell.h */,
				AD135D3F206E20BB0069BEEB /* EventSummaryTableViewCell.m */,
			);
			path = CreateEventMoudle;
			sourceTree = "<group>";
		};
		AD135D41206E345E0069BEEB /* PlugIn */ = {
			isa = PBXGroup;
			children = (
				ABB4DABA2083767400B8B29A /* TZImagePickerController */,
				ABB5AA8320775A0900B5D66B /* WD_QTable */,
				ADECD05A206A140000C2F3AB /* JTCalendar */,
				ADC30DD1207387E8002AE183 /* UIAlertController+Q_Alert.h */,
				ADC30DD2207387E8002AE183 /* UIAlertController+Q_Alert.m */,
			);
			path = PlugIn;
			sourceTree = "<group>";
		};
		AD22D6FC207DF19100BBCC71 /* HomeMoudle */ = {
			isa = PBXGroup;
			children = (
				ABB4DAE92083921100B8B29A /* settingMoudle */,
				AD22D6FD207DF72100BBCC71 /* HomeTitleTableViewCell.h */,
				AD22D6FE207DF72100BBCC71 /* HomeTitleTableViewCell.m */,
				AD22D700207DF7C800BBCC71 /* HomeViewController.h */,
				AD22D701207DF7C800BBCC71 /* HomeViewController.m */,
			);
			path = HomeMoudle;
			sourceTree = "<group>";
		};
		AD3A8E9520706E0F000CD3A4 /* Config */ = {
			isa = PBXGroup;
			children = (
				AD3A8E9920706EA3000CD3A4 /* UIColor+Extension.h */,
				AD3A8E9A20706EA3000CD3A4 /* UIColor+Extension.m */,
				AD3A8E9620706E4F000CD3A4 /* Q_UIConfig.h */,
				AD3A8E9720706E4F000CD3A4 /* Q_UIConfig.m */,
			);
			path = Config;
			sourceTree = "<group>";
		};
		AD6AF0772068B8B600547D83 = {
			isa = PBXGroup;
			children = (
				AD22D6FC207DF19100BBCC71 /* HomeMoudle */,
				AD135D41206E345E0069BEEB /* PlugIn */,
				ADECD0412069DAB900C2F3AB /* EventModule */,
				ADECD0402069D4F000C2F3AB /* TimerMoudle */,
				ADCDD69A2074DADD003C8D65 /* PlanMoudle */,
				AD6AF0B82068B98400547D83 /* CoreData */,
				AD6AF0822068B8B600547D83 /* Q_TimerAxis */,
				AD6AF09E2068B8B800547D83 /* Q_TimerAxisTests */,
				AD6AF0A92068B8B800547D83 /* Q_TimerAxisUITests */,
				AD6AF0812068B8B600547D83 /* Products */,
			);
			sourceTree = "<group>";
		};
		AD6AF0812068B8B600547D83 /* Products */ = {
			isa = PBXGroup;
			children = (
				AD6AF0802068B8B600547D83 /* Q_TimerAxis.app */,
				AD6AF09B2068B8B800547D83 /* Q_TimerAxisTests.xctest */,
				AD6AF0A62068B8B800547D83 /* Q_TimerAxisUITests.xctest */,
			);
			name = Products;
			sourceTree = "<group>";
		};
		AD6AF0822068B8B600547D83 /* Q_TimerAxis */ = {
			isa = PBXGroup;
			children = (
				AD3A8E9520706E0F000CD3A4 /* Config */,
				AD6AF0832068B8B600547D83 /* AppDelegate.h */,
				AD6AF0842068B8B700547D83 /* AppDelegate.m */,
				ADAB7893207B3FA500F219A5 /* Q_TabBarController.h */,
				ADAB7894207B3FA500F219A5 /* Q_TabBarController.m */,
				AD6AF0892068B8B700547D83 /* Main.storyboard */,
				AD6AF08F2068B8B700547D83 /* Assets.xcassets */,
				AD6AF0912068B8B700547D83 /* LaunchScreen.storyboard */,
				AD6AF0942068B8B700547D83 /* Info.plist */,
				AD6AF0952068B8B800547D83 /* main.m */,
			);
			path = Q_TimerAxis;
			sourceTree = "<group>";
		};
		AD6AF09E2068B8B800547D83 /* Q_TimerAxisTests */ = {
			isa = PBXGroup;
			children = (
				AD6AF09F2068B8B800547D83 /* Q_TimerAxisTests.m */,
				AD6AF0A12068B8B800547D83 /* Info.plist */,
			);
			path = Q_TimerAxisTests;
			sourceTree = "<group>";
		};
		AD6AF0A92068B8B800547D83 /* Q_TimerAxisUITests */ = {
			isa = PBXGroup;
			children = (
				AD6AF0AA2068B8B800547D83 /* Q_TimerAxisUITests.m */,
				AD6AF0AC2068B8B800547D83 /* Info.plist */,
			);
			path = Q_TimerAxisUITests;
			sourceTree = "<group>";
		};
		AD6AF0B82068B98400547D83 /* CoreData */ = {
			isa = PBXGroup;
			children = (
				AD6AF0BC2068BC5C00547D83 /* Model */,
				AD6AF08C2068B8B700547D83 /* Q_TimerAxis.xcdatamodeld */,
				AD6AF0B92068B99400547D83 /* Q_coreDataHelper.h */,
				AD6AF0BA2068B99400547D83 /* Q_coreDataHelper.m */,
				ADECD0512069F53100C2F3AB /* CoreDataTableViewController.h */,
				ADECD0522069F53100C2F3AB /* CoreDataTableViewController.m */,
			);
			name = CoreData;
			path = Q_TimerAxis/CoreData;
			sourceTree = "<group>";
		};
		AD6AF0BC2068BC5C00547D83 /* Model */ = {
			isa = PBXGroup;
			children = (
				AD70BB88207CD5F60058EB61 /* Q_Plan+CoreDataClass.h */,
				AD70BB89207CD5F60058EB61 /* Q_Plan+CoreDataClass.m */,
				AD70BB8A207CD5F60058EB61 /* Q_Plan+CoreDataProperties.h */,
				AD70BB8B207CD5F60058EB61 /* Q_Plan+CoreDataProperties.m */,
				ADECD0482069E22000C2F3AB /* Q_Event+CoreDataClass.h */,
				ADECD0492069E22000C2F3AB /* Q_Event+CoreDataClass.m */,
				ADECD04A2069E22000C2F3AB /* Q_Event+CoreDataProperties.h */,
				ADECD04B2069E22000C2F3AB /* Q_Event+CoreDataProperties.m */,
				AD6AF0CA2068E7B400547D83 /* Q_TimeLine+CoreDataClass.h */,
				AD6AF0CB2068E7B400547D83 /* Q_TimeLine+CoreDataClass.m */,
				AD6AF0CC2068E7B400547D83 /* Q_TimeLine+CoreDataProperties.h */,
				AD6AF0CD2068E7B400547D83 /* Q_TimeLine+CoreDataProperties.m */,
			);
			path = Model;
			sourceTree = "<group>";
		};
		ADCDD69A2074DADD003C8D65 /* PlanMoudle */ = {
			isa = PBXGroup;
			children = (
				ADCDD69E2074DEFB003C8D65 /* EditTable */,
				ADCDD69B2074DEC6003C8D65 /* PlanDetailViewController.h */,
				ADCDD69C2074DEC6003C8D65 /* PlanDetailViewController.m */,
				ADAB7884207B21D900F219A5 /* PlanViewController.h */,
				ADAB7885207B21D900F219A5 /* PlanViewController.m */,
				ADAB7896207B4C3F00F219A5 /* PlanTableViewCell.h */,
				ADAB7897207B4C3F00F219A5 /* PlanTableViewCell.m */,
				ABF3E7AF207A60FB00587957 /* PlanEditViewController.h */,
				ABF3E7B0207A60FB00587957 /* PlanEditViewController.m */,
				AD52364C207CA4D7002F4037 /* PlanTemplateViewController.h */,
				AD52364D207CA4D7002F4037 /* PlanTemplateViewController.m */,
				AD52364A207C9A7D002F4037 /* PlanTemplate.json */,
			);
			path = PlanMoudle;
			sourceTree = "<group>";
		};
		ADCDD69E2074DEFB003C8D65 /* EditTable */ = {
			isa = PBXGroup;
			children = (
				ADCDD69F2074DEFB003C8D65 /* EditTableStyleConstructor.h */,
				ADCDD6A02074DEFB003C8D65 /* EditTableStyleConstructor.m */,
				ADCDD6A12074DEFB003C8D65 /* Views */,
			);
			path = EditTable;
			sourceTree = "<group>";
		};
		ADCDD6A12074DEFB003C8D65 /* Views */ = {
			isa = PBXGroup;
			children = (
				ADCDD6A22074DEFB003C8D65 /* EditTableCell.h */,
				ADCDD6A32074DEFB003C8D65 /* EditTableCell.m */,
				ADCDD6A42074DEFB003C8D65 /* EditTableReusableView.h */,
				ADCDD6A52074DEFB003C8D65 /* EditTableReusableView.m */,
			);
			path = Views;
			sourceTree = "<group>";
		};
		ADECD0402069D4F000C2F3AB /* TimerMoudle */ = {
			isa = PBXGroup;
			children = (
				ADECD0452069DE2E00C2F3AB /* TimerViewController.h */,
				ADECD0462069DE2E00C2F3AB /* TimerViewController.m */,
				ADECD090206A66C500C2F3AB /* TimeLineTableViewCell.h */,
				ADECD091206A66C500C2F3AB /* TimeLineTableViewCell.m */,
				AD1E62E6206B5BB8004C792B /* TimerDetailViewController.h */,
				AD1E62E7206B5BB8004C792B /* TimerDetailViewController.m */,
			);
			path = TimerMoudle;
			sourceTree = "<group>";
		};
		ADECD0412069DAB900C2F3AB /* EventModule */ = {
			isa = PBXGroup;
			children = (
				AD135D2B206E0CBE0069BEEB /* CreateEventMoudle */,
				ADECD057206A105600C2F3AB /* NSDate+Extension.h */,
				ADECD058206A105600C2F3AB /* NSDate+Extension.m */,
				AD22D703207E12F400BBCC71 /* EventSearchResultViewController.h */,
				AD22D704207E12F400BBCC71 /* EventSearchResultViewController.m */,
				ADECD0422069DB9D00C2F3AB /* EventViewController.h */,
				ADECD0432069DB9D00C2F3AB /* EventViewController.m */,
				ADECD054206A0A3200C2F3AB /* EventTableViewCell.h */,
				ADECD055206A0A3200C2F3AB /* EventTableViewCell.m */,
				AD135D28206E0A280069BEEB /* EventModel.h */,
				AD135D29206E0A280069BEEB /* EventModel.m */,
				AD1E62ED206B88DF004C792B /* Q_navigationController.h */,
				AD1E62EE206B88DF004C792B /* Q_navigationController.m */,
			);
			path = EventModule;
			sourceTree = "<group>";
		};
		ADECD05A206A140000C2F3AB /* JTCalendar */ = {
			isa = PBXGroup;
			children = (
				ADECD05B206A140000C2F3AB /* Info.plist */,
				ADECD05C206A140000C2F3AB /* JTCalendar.h */,
				ADECD05D206A140000C2F3AB /* JTCalendarDelegate.h */,
				ADECD05E206A140000C2F3AB /* JTCalendarManager.h */,
				ADECD05F206A140000C2F3AB /* JTCalendarManager.m */,
				ADECD060206A140000C2F3AB /* JTCalendarSettings.h */,
				ADECD061206A140000C2F3AB /* JTCalendarSettings.m */,
				ADECD062206A140000C2F3AB /* JTDateHelper.h */,
				ADECD063206A140000C2F3AB /* JTDateHelper.m */,
				ADECD064206A140000C2F3AB /* Managers */,
				ADECD069206A140000C2F3AB /* Protocols */,
				ADECD070206A140000C2F3AB /* Views */,
			);
			path = JTCalendar;
			sourceTree = "<group>";
		};
		ADECD064206A140000C2F3AB /* Managers */ = {
			isa = PBXGroup;
			children = (
				ADECD065206A140000C2F3AB /* JTCalendarDelegateManager.h */,
				ADECD066206A140000C2F3AB /* JTCalendarDelegateManager.m */,
				ADECD067206A140000C2F3AB /* JTCalendarScrollManager.h */,
				ADECD068206A140000C2F3AB /* JTCalendarScrollManager.m */,
			);
			path = Managers;
			sourceTree = "<group>";
		};
		ADECD069206A140000C2F3AB /* Protocols */ = {
			isa = PBXGroup;
			children = (
				ADECD06A206A140000C2F3AB /* JTCalendarDay.h */,
				ADECD06B206A140000C2F3AB /* JTCalendarPage.h */,
				ADECD06C206A140000C2F3AB /* JTCalendarWeek.h */,
				ADECD06D206A140000C2F3AB /* JTCalendarWeekDay.h */,
				ADECD06E206A140000C2F3AB /* JTContent.h */,
				ADECD06F206A140000C2F3AB /* JTMenu.h */,
			);
			path = Protocols;
			sourceTree = "<group>";
		};
		ADECD070206A140000C2F3AB /* Views */ = {
			isa = PBXGroup;
			children = (
				ADECD071206A140000C2F3AB /* JTCalendarDayView.h */,
				ADECD072206A140000C2F3AB /* JTCalendarDayView.m */,
				ADECD073206A140000C2F3AB /* JTCalendarMenuView.h */,
				ADECD074206A140000C2F3AB /* JTCalendarMenuView.m */,
				ADECD075206A140000C2F3AB /* JTCalendarPageView.h */,
				ADECD076206A140000C2F3AB /* JTCalendarPageView.m */,
				ADECD077206A140000C2F3AB /* JTCalendarWeekDayView.h */,
				ADECD078206A140000C2F3AB /* JTCalendarWeekDayView.m */,
				ADECD079206A140000C2F3AB /* JTCalendarWeekView.h */,
				ADECD07A206A140000C2F3AB /* JTCalendarWeekView.m */,
				ADECD07B206A140000C2F3AB /* JTHorizontalCalendarView.h */,
				ADECD07C206A140000C2F3AB /* JTHorizontalCalendarView.m */,
				ADECD07D206A140000C2F3AB /* JTVerticalCalendarView.h */,
				ADECD07E206A140000C2F3AB /* JTVerticalCalendarView.m */,
			);
			path = Views;
			sourceTree = "<group>";
		};
/* End PBXGroup section */

/* Begin PBXNativeTarget section */
		AD6AF07F2068B8B600547D83 /* Q_TimerAxis */ = {
			isa = PBXNativeTarget;
			buildConfigurationList = AD6AF0AF2068B8B800547D83 /* Build configuration list for PBXNativeTarget "Q_TimerAxis" */;
			buildPhases = (
				AD6AF07C2068B8B600547D83 /* Sources */,
				AD6AF07D2068B8B600547D83 /* Frameworks */,
				AD6AF07E2068B8B600547D83 /* Resources */,
			);
			buildRules = (
			);
			dependencies = (
			);
			name = Q_TimerAxis;
			productName = Q_TimerAxis;
			productReference = AD6AF0802068B8B600547D83 /* Q_TimerAxis.app */;
			productType = "com.apple.product-type.application";
		};
		AD6AF09A2068B8B800547D83 /* Q_TimerAxisTests */ = {
			isa = PBXNativeTarget;
			buildConfigurationList = AD6AF0B22068B8B800547D83 /* Build configuration list for PBXNativeTarget "Q_TimerAxisTests" */;
			buildPhases = (
				AD6AF0972068B8B800547D83 /* Sources */,
				AD6AF0982068B8B800547D83 /* Frameworks */,
				AD6AF0992068B8B800547D83 /* Resources */,
			);
			buildRules = (
			);
			dependencies = (
				AD6AF09D2068B8B800547D83 /* PBXTargetDependency */,
			);
			name = Q_TimerAxisTests;
			productName = Q_TimerAxisTests;
			productReference = AD6AF09B2068B8B800547D83 /* Q_TimerAxisTests.xctest */;
			productType = "com.apple.product-type.bundle.unit-test";
		};
		AD6AF0A52068B8B800547D83 /* Q_TimerAxisUITests */ = {
			isa = PBXNativeTarget;
			buildConfigurationList = AD6AF0B52068B8B800547D83 /* Build configuration list for PBXNativeTarget "Q_TimerAxisUITests" */;
			buildPhases = (
				AD6AF0A22068B8B800547D83 /* Sources */,
				AD6AF0A32068B8B800547D83 /* Frameworks */,
				AD6AF0A42068B8B800547D83 /* Resources */,
			);
			buildRules = (
			);
			dependencies = (
				AD6AF0A82068B8B800547D83 /* PBXTargetDependency */,
			);
			name = Q_TimerAxisUITests;
			productName = Q_TimerAxisUITests;
			productReference = AD6AF0A62068B8B800547D83 /* Q_TimerAxisUITests.xctest */;
			productType = "com.apple.product-type.bundle.ui-testing";
		};
/* End PBXNativeTarget section */

/* Begin PBXProject section */
		AD6AF0782068B8B600547D83 /* Project object */ = {
			isa = PBXProject;
			attributes = {
				LastUpgradeCheck = 0920;
				ORGANIZATIONNAME = jqlv;
				TargetAttributes = {
					AD6AF07F2068B8B600547D83 = {
						CreatedOnToolsVersion = 9.2;
						ProvisioningStyle = Automatic;
					};
					AD6AF09A2068B8B800547D83 = {
						CreatedOnToolsVersion = 9.2;
						ProvisioningStyle = Automatic;
						TestTargetID = AD6AF07F2068B8B600547D83;
					};
					AD6AF0A52068B8B800547D83 = {
						CreatedOnToolsVersion = 9.2;
						ProvisioningStyle = Automatic;
						TestTargetID = AD6AF07F2068B8B600547D83;
					};
				};
			};
			buildConfigurationList = AD6AF07B2068B8B600547D83 /* Build configuration list for PBXProject "Q_TimerAxis" */;
			compatibilityVersion = "Xcode 8.0";
			developmentRegion = en;
			hasScannedForEncodings = 0;
			knownRegions = (
				en,
				Base,
			);
			mainGroup = AD6AF0772068B8B600547D83;
			productRefGroup = AD6AF0812068B8B600547D83 /* Products */;
			projectDirPath = "";
			projectRoot = "";
			targets = (
				AD6AF07F2068B8B600547D83 /* Q_TimerAxis */,
				AD6AF09A2068B8B800547D83 /* Q_TimerAxisTests */,
				AD6AF0A52068B8B800547D83 /* Q_TimerAxisUITests */,
			);
		};
/* End PBXProject section */

/* Begin PBXResourcesBuildPhase section */
		AD6AF07E2068B8B600547D83 /* Resources */ = {
			isa = PBXResourcesBuildPhase;
			buildActionMask = 2147483647;
			files = (
				ADECD07F206A140100C2F3AB /* Info.plist in Resources */,
				AD6AF0932068B8B700547D83 /* LaunchScreen.storyboard in Resources */,
				AD6AF0902068B8B700547D83 /* Assets.xcassets in Resources */,
				ABB4DADF2083767500B8B29A /* TZImagePickerController.bundle in Resources */,
				AD6AF08B2068B8B700547D83 /* Main.storyboard in Resources */,
				AD52364B207C9A7D002F4037 /* PlanTemplate.json in Resources */,
			);
			runOnlyForDeploymentPostprocessing = 0;
		};
		AD6AF0992068B8B800547D83 /* Resources */ = {
			isa = PBXResourcesBuildPhase;
			buildActionMask = 2147483647;
			files = (
			);
			runOnlyForDeploymentPostprocessing = 0;
		};
		AD6AF0A42068B8B800547D83 /* Resources */ = {
			isa = PBXResourcesBuildPhase;
			buildActionMask = 2147483647;
			files = (
			);
			runOnlyForDeploymentPostprocessing = 0;
		};
/* End PBXResourcesBuildPhase section */

/* Begin PBXSourcesBuildPhase section */
		AD6AF07C2068B8B600547D83 /* Sources */ = {
			isa = PBXSourcesBuildPhase;
			buildActionMask = 2147483647;
			files = (
				ABB4DAE52083767500B8B29A /* TZLocationManager.m in Sources */,
				ADECD085206A140100C2F3AB /* JTCalendarDayView.m in Sources */,
				ADCDD6A62074DEFB003C8D65 /* EditTableStyleConstructor.m in Sources */,
				ADECD092206A66C500C2F3AB /* TimeLineTableViewCell.m in Sources */,
				ABB4DAE22083767500B8B29A /* TZPhotoPickerController.m in Sources */,
				ABB4DADE2083767500B8B29A /* TZPhotoPreviewController.m in Sources */,
				ABF3E7B1207A60FC00587957 /* PlanEditViewController.m in Sources */,
				ABB5AACB20775A0900B5D66B /* WD_QTableBaseReusableView.m in Sources */,
				ADECD04C2069E22000C2F3AB /* Q_Event+CoreDataClass.m in Sources */,
				ADECD080206A140100C2F3AB /* JTCalendarManager.m in Sources */,
				ADECD0472069DE2E00C2F3AB /* TimerViewController.m in Sources */,
				ABB5AABF20775A0900B5D66B /* WD_QTableDefaultStyleConstructor.m in Sources */,
				ADECD083206A140100C2F3AB /* JTCalendarDelegateManager.m in Sources */,
				ABB5AAC720775A0900B5D66B /* WD_QTable.m in Sources */,
				ABB4DAD82083767500B8B29A /* TZImageCropManager.m in Sources */,
				ABB5AABA20775A0900B5D66B /* WD_QTableBaseColAdaptor.m in Sources */,
				AD6AF0852068B8B700547D83 /* AppDelegate.m in Sources */,
				AD135D27206E0A0C0069BEEB /* EventCreateStepViewController.m in Sources */,
				ADCDD69D2074DEC6003C8D65 /* PlanDetailViewController.m in Sources */,
				ADAB7895207B3FA500F219A5 /* Q_TabBarController.m in Sources */,
				ABB5AABC20775A0900B5D66B /* WD_QTableAdaptor.m in Sources */,
				ABB5AAC320775A0900B5D66B /* WD_QTableOtherViewCell.m in Sources */,
				ABB4DAE32083767500B8B29A /* TZPhotoPreviewCell.m in Sources */,
				AD135D24206E08A50069BEEB /* EventCreateFlowViewController.m in Sources */,
				ADECD087206A140100C2F3AB /* JTCalendarPageView.m in Sources */,
				ADECD08A206A140100C2F3AB /* JTHorizontalCalendarView.m in Sources */,
				ABB5AAC620775A0900B5D66B /* WD_QRefreshTable.m in Sources */,
				ADECD084206A140100C2F3AB /* JTCalendarScrollManager.m in Sources */,
				AD22D705207E12F400BBCC71 /* EventSearchResultViewController.m in Sources */,
				AD22D702207DF7C800BBCC71 /* HomeViewController.m in Sources */,
				AD6AF0D32068E7B400547D83 /* Q_TimeLine+CoreDataProperties.m in Sources */,
				ABB5AAC420775A0900B5D66B /* JQ_CollectionViewLayout.m in Sources */,
				AD52364E207CA4D7002F4037 /* PlanTemplateViewController.m in Sources */,
				AD135D2A206E0A280069BEEB /* EventModel.m in Sources */,
				AD6AF0D22068E7B400547D83 /* Q_TimeLine+CoreDataClass.m in Sources */,
				ADAB7898207B4C3F00F219A5 /* PlanTableViewCell.m in Sources */,
				ABB5AAC920775A0900B5D66B /* WD_QBaseTable.m in Sources */,
				ADCDD6A72074DEFB003C8D65 /* EditTableCell.m in Sources */,
				ADAB7886207B21D900F219A5 /* PlanViewController.m in Sources */,
				AD70BB8C207CD5F60058EB61 /* Q_Plan+CoreDataClass.m in Sources */,
				ADECD056206A0A3200C2F3AB /* EventTableViewCell.m in Sources */,
				ADECD082206A140100C2F3AB /* JTDateHelper.m in Sources */,
				AD135D3A206E1D870069BEEB /* EventCreateContentViewController.m in Sources */,
				ABB4DADD2083767500B8B29A /* UIView+Layout.m in Sources */,
				AD135D34206E17390069BEEB /* EventCreateEndDateViewController.m in Sources */,
				ABB5AAC220775A0900B5D66B /* WD_QTableDefaultReusableView.m in Sources */,
				AD6AF0BB2068B99400547D83 /* Q_coreDataHelper.m in Sources */,
				ADCDD6A82074DEFB003C8D65 /* EditTableReusableView.m in Sources */,
				ABB5AACA20775A0900B5D66B /* WD_QTableBaseViewCell.m in Sources */,
				ABB5AAC520775A0900B5D66B /* JQ_CollectionViewLayoutInvalidationContext.m in Sources */,
				ABB4DAE42083767500B8B29A /* TZImagePickerController.m in Sources */,
				ABB4DADB2083767500B8B29A /* TZAssetModel.m in Sources */,
				AD22D6FF207DF72100BBCC71 /* HomeTitleTableViewCell.m in Sources */,
				ABB4DAE12083767500B8B29A /* TZImageManager.m in Sources */,
				ABB5AABE20775A0900B5D66B /* WD_QTableAutoLayoutConstructor.m in Sources */,
				AD3A8E9820706E4F000CD3A4 /* Q_UIConfig.m in Sources */,
				ADECD089206A140100C2F3AB /* JTCalendarWeekView.m in Sources */,
				AD1E62E8206B5BB8004C792B /* TimerDetailViewController.m in Sources */,
				ADECD088206A140100C2F3AB /* JTCalendarWeekDayView.m in Sources */,
				ABB5AABD20775A0900B5D66B /* WD_QTableDefaultLayoutConstructor.m in Sources */,
				AD135D40206E20BB0069BEEB /* EventSummaryTableViewCell.m in Sources */,
				ADECD0532069F53100C2F3AB /* CoreDataTableViewController.m in Sources */,
				ADECD0442069DB9D00C2F3AB /* EventViewController.m in Sources */,
				AD3A8E9B20706EA3000CD3A4 /* UIColor+Extension.m in Sources */,
				ADECD059206A105600C2F3AB /* NSDate+Extension.m in Sources */,
				ABB5AABB20775A0900B5D66B /* WD_QTableParse.m in Sources */,
				ABB5AAC120775A0900B5D66B /* WD_QTableDefaultViewCell.m in Sources */,
				ADECD081206A140100C2F3AB /* JTCalendarSettings.m in Sources */,
				AD6AF0962068B8B800547D83 /* main.m in Sources */,
				AD6AF08E2068B8B700547D83 /* Q_TimerAxis.xcdatamodeld in Sources */,
				ABB4DAE02083767500B8B29A /* TZProgressView.m in Sources */,
				AD135D37206E1BF90069BEEB /* EventTitleViewController.m in Sources */,
				ADECD08B206A140100C2F3AB /* JTVerticalCalendarView.m in Sources */,
				ABB5AAC820775A0900B5D66B /* WD_QTableModel.m in Sources */,
				ABB4DAE62083767500B8B29A /* TZGifPhotoPreviewController.m in Sources */,
				ADECD04D2069E22000C2F3AB /* Q_Event+CoreDataProperties.m in Sources */,
				ABB5AAC020775A0900B5D66B /* WD_QViewModel.m in Sources */,
				ADC30DD3207387E8002AE183 /* UIAlertController+Q_Alert.m in Sources */,
				ABB4DAEF208392E100B8B29A /* TopicSettingTableViewCell.m in Sources */,
				AD70BB8D207CD5F60058EB61 /* Q_Plan+CoreDataProperties.m in Sources */,
				AD135D31206E16BD0069BEEB /* EventCreateStartDateViewController.m in Sources */,
				ABB4DADA2083767500B8B29A /* TZVideoPlayerController.m in Sources */,
				ABB4DADC2083767500B8B29A /* NSBundle+TZImagePicker.m in Sources */,
				AD135D2E206E0D860069BEEB /* CalendarManagerController.m in Sources */,
				ABB4DAEC2083923F00B8B29A /* TopicSettingViewController.m in Sources */,
				ABB4DAD92083767500B8B29A /* TZAssetCell.m in Sources */,
				AD1E62EF206B88DF004C792B /* Q_navigationController.m in Sources */,
				AD135D3D206E1F590069BEEB /* EventSummaryViewController.m in Sources */,
				ADECD086206A140100C2F3AB /* JTCalendarMenuView.m in Sources */,
			);
			runOnlyForDeploymentPostprocessing = 0;
		};
		AD6AF0972068B8B800547D83 /* Sources */ = {
			isa = PBXSourcesBuildPhase;
			buildActionMask = 2147483647;
			files = (
				AD6AF0A02068B8B800547D83 /* Q_TimerAxisTests.m in Sources */,
			);
			runOnlyForDeploymentPostprocessing = 0;
		};
		AD6AF0A22068B8B800547D83 /* Sources */ = {
			isa = PBXSourcesBuildPhase;
			buildActionMask = 2147483647;
			files = (
				AD6AF0AB2068B8B800547D83 /* Q_TimerAxisUITests.m in Sources */,
			);
			runOnlyForDeploymentPostprocessing = 0;
		};
/* End PBXSourcesBuildPhase section */

/* Begin PBXTargetDependency section */
		AD6AF09D2068B8B800547D83 /* PBXTargetDependency */ = {
			isa = PBXTargetDependency;
			target = AD6AF07F2068B8B600547D83 /* Q_TimerAxis */;
			targetProxy = AD6AF09C2068B8B800547D83 /* PBXContainerItemProxy */;
		};
		AD6AF0A82068B8B800547D83 /* PBXTargetDependency */ = {
			isa = PBXTargetDependency;
			target = AD6AF07F2068B8B600547D83 /* Q_TimerAxis */;
			targetProxy = AD6AF0A72068B8B800547D83 /* PBXContainerItemProxy */;
		};
/* End PBXTargetDependency section */

/* Begin PBXVariantGroup section */
		AD6AF0892068B8B700547D83 /* Main.storyboard */ = {
			isa = PBXVariantGroup;
			children = (
				AD6AF08A2068B8B700547D83 /* Base */,
				ABB4DAE72083803A00B8B29A /* zh-Hans */,
			);
			name = Main.storyboard;
			sourceTree = "<group>";
		};
		AD6AF0912068B8B700547D83 /* LaunchScreen.storyboard */ = {
			isa = PBXVariantGroup;
			children = (
				AD6AF0922068B8B700547D83 /* Base */,
				ABB4DAE82083803B00B8B29A /* zh-Hans */,
			);
			name = LaunchScreen.storyboard;
			sourceTree = "<group>";
		};
/* End PBXVariantGroup section */

/* Begin XCBuildConfiguration section */
		AD6AF0AD2068B8B800547D83 /* Debug */ = {
			isa = XCBuildConfiguration;
			buildSettings = {
				ALWAYS_SEARCH_USER_PATHS = NO;
				CLANG_ANALYZER_LOCALIZABILITY_NONLOCALIZED = YES;
				CLANG_ANALYZER_NONNULL = YES;
				CLANG_ANALYZER_NUMBER_OBJECT_CONVERSION = YES_AGGRESSIVE;
				CLANG_CXX_LANGUAGE_STANDARD = "gnu++14";
				CLANG_CXX_LIBRARY = "libc++";
				CLANG_ENABLE_MODULES = YES;
				CLANG_ENABLE_OBJC_ARC = YES;
				CLANG_WARN_BLOCK_CAPTURE_AUTORELEASING = YES;
				CLANG_WARN_BOOL_CONVERSION = YES;
				CLANG_WARN_COMMA = YES;
				CLANG_WARN_CONSTANT_CONVERSION = YES;
				CLANG_WARN_DIRECT_OBJC_ISA_USAGE = YES_ERROR;
				CLANG_WARN_DOCUMENTATION_COMMENTS = YES;
				CLANG_WARN_EMPTY_BODY = YES;
				CLANG_WARN_ENUM_CONVERSION = YES;
				CLANG_WARN_INFINITE_RECURSION = YES;
				CLANG_WARN_INT_CONVERSION = YES;
				CLANG_WARN_NON_LITERAL_NULL_CONVERSION = YES;
				CLANG_WARN_OBJC_LITERAL_CONVERSION = YES;
				CLANG_WARN_OBJC_ROOT_CLASS = YES_ERROR;
				CLANG_WARN_RANGE_LOOP_ANALYSIS = YES;
				CLANG_WARN_STRICT_PROTOTYPES = YES;
				CLANG_WARN_SUSPICIOUS_MOVE = YES;
				CLANG_WARN_UNGUARDED_AVAILABILITY = YES_AGGRESSIVE;
				CLANG_WARN_UNREACHABLE_CODE = YES;
				CLANG_WARN__DUPLICATE_METHOD_MATCH = YES;
				CODE_SIGN_IDENTITY = "iPhone Developer";
				COPY_PHASE_STRIP = NO;
				DEBUG_INFORMATION_FORMAT = dwarf;
				ENABLE_STRICT_OBJC_MSGSEND = YES;
				ENABLE_TESTABILITY = YES;
				GCC_C_LANGUAGE_STANDARD = gnu11;
				GCC_DYNAMIC_NO_PIC = NO;
				GCC_NO_COMMON_BLOCKS = YES;
				GCC_OPTIMIZATION_LEVEL = 0;
				GCC_PREPROCESSOR_DEFINITIONS = (
					"DEBUG=1",
					"$(inherited)",
				);
				GCC_WARN_64_TO_32_BIT_CONVERSION = YES;
				GCC_WARN_ABOUT_RETURN_TYPE = YES_ERROR;
				GCC_WARN_UNDECLARED_SELECTOR = YES;
				GCC_WARN_UNINITIALIZED_AUTOS = YES_AGGRESSIVE;
				GCC_WARN_UNUSED_FUNCTION = YES;
				GCC_WARN_UNUSED_VARIABLE = YES;
				IPHONEOS_DEPLOYMENT_TARGET = 11.2;
				MTL_ENABLE_DEBUG_INFO = YES;
				ONLY_ACTIVE_ARCH = YES;
				SDKROOT = iphoneos;
			};
			name = Debug;
		};
		AD6AF0AE2068B8B800547D83 /* Release */ = {
			isa = XCBuildConfiguration;
			buildSettings = {
				ALWAYS_SEARCH_USER_PATHS = NO;
				CLANG_ANALYZER_LOCALIZABILITY_NONLOCALIZED = YES;
				CLANG_ANALYZER_NONNULL = YES;
				CLANG_ANALYZER_NUMBER_OBJECT_CONVERSION = YES_AGGRESSIVE;
				CLANG_CXX_LANGUAGE_STANDARD = "gnu++14";
				CLANG_CXX_LIBRARY = "libc++";
				CLANG_ENABLE_MODULES = YES;
				CLANG_ENABLE_OBJC_ARC = YES;
				CLANG_WARN_BLOCK_CAPTURE_AUTORELEASING = YES;
				CLANG_WARN_BOOL_CONVERSION = YES;
				CLANG_WARN_COMMA = YES;
				CLANG_WARN_CONSTANT_CONVERSION = YES;
				CLANG_WARN_DIRECT_OBJC_ISA_USAGE = YES_ERROR;
				CLANG_WARN_DOCUMENTATION_COMMENTS = YES;
				CLANG_WARN_EMPTY_BODY = YES;
				CLANG_WARN_ENUM_CONVERSION = YES;
				CLANG_WARN_INFINITE_RECURSION = YES;
				CLANG_WARN_INT_CONVERSION = YES;
				CLANG_WARN_NON_LITERAL_NULL_CONVERSION = YES;
				CLANG_WARN_OBJC_LITERAL_CONVERSION = YES;
				CLANG_WARN_OBJC_ROOT_CLASS = YES_ERROR;
				CLANG_WARN_RANGE_LOOP_ANALYSIS = YES;
				CLANG_WARN_STRICT_PROTOTYPES = YES;
				CLANG_WARN_SUSPICIOUS_MOVE = YES;
				CLANG_WARN_UNGUARDED_AVAILABILITY = YES_AGGRESSIVE;
				CLANG_WARN_UNREACHABLE_CODE = YES;
				CLANG_WARN__DUPLICATE_METHOD_MATCH = YES;
				CODE_SIGN_IDENTITY = "iPhone Developer";
				COPY_PHASE_STRIP = NO;
				DEBUG_INFORMATION_FORMAT = "dwarf-with-dsym";
				ENABLE_NS_ASSERTIONS = NO;
				ENABLE_STRICT_OBJC_MSGSEND = YES;
				GCC_C_LANGUAGE_STANDARD = gnu11;
				GCC_NO_COMMON_BLOCKS = YES;
				GCC_WARN_64_TO_32_BIT_CONVERSION = YES;
				GCC_WARN_ABOUT_RETURN_TYPE = YES_ERROR;
				GCC_WARN_UNDECLARED_SELECTOR = YES;
				GCC_WARN_UNINITIALIZED_AUTOS = YES_AGGRESSIVE;
				GCC_WARN_UNUSED_FUNCTION = YES;
				GCC_WARN_UNUSED_VARIABLE = YES;
				IPHONEOS_DEPLOYMENT_TARGET = 11.2;
				MTL_ENABLE_DEBUG_INFO = NO;
				SDKROOT = iphoneos;
				VALIDATE_PRODUCT = YES;
			};
			name = Release;
		};
		AD6AF0B02068B8B800547D83 /* Debug */ = {
			isa = XCBuildConfiguration;
			buildSettings = {
				ASSETCATALOG_COMPILER_APPICON_NAME = AppIcon;
				CODE_SIGN_STYLE = Automatic;
				DEVELOPMENT_TEAM = 547ZEB69CW;
				INFOPLIST_FILE = Q_TimerAxis/Info.plist;
				IPHONEOS_DEPLOYMENT_TARGET = 10.0;
				LD_RUNPATH_SEARCH_PATHS = "$(inherited) @executable_path/Frameworks";
				PRODUCT_BUNDLE_IDENTIFIER = "com.jqlv.Q-TimerAxis";
				PRODUCT_NAME = "$(TARGET_NAME)";
				TARGETED_DEVICE_FAMILY = "1,2";
			};
			name = Debug;
		};
		AD6AF0B12068B8B800547D83 /* Release */ = {
			isa = XCBuildConfiguration;
			buildSettings = {
				ASSETCATALOG_COMPILER_APPICON_NAME = AppIcon;
				CODE_SIGN_STYLE = Automatic;
				DEVELOPMENT_TEAM = 547ZEB69CW;
				INFOPLIST_FILE = Q_TimerAxis/Info.plist;
				IPHONEOS_DEPLOYMENT_TARGET = 10.0;
				LD_RUNPATH_SEARCH_PATHS = "$(inherited) @executable_path/Frameworks";
				PRODUCT_BUNDLE_IDENTIFIER = "com.jqlv.Q-TimerAxis";
				PRODUCT_NAME = "$(TARGET_NAME)";
				TARGETED_DEVICE_FAMILY = "1,2";
			};
			name = Release;
		};
		AD6AF0B32068B8B800547D83 /* Debug */ = {
			isa = XCBuildConfiguration;
			buildSettings = {
				BUNDLE_LOADER = "$(TEST_HOST)";
				CODE_SIGN_STYLE = Automatic;
				DEVELOPMENT_TEAM = 547ZEB69CW;
				INFOPLIST_FILE = Q_TimerAxisTests/Info.plist;
				LD_RUNPATH_SEARCH_PATHS = "$(inherited) @executable_path/Frameworks @loader_path/Frameworks";
				PRODUCT_BUNDLE_IDENTIFIER = "com.jqlv.Q-TimerAxisTests";
				PRODUCT_NAME = "$(TARGET_NAME)";
				TARGETED_DEVICE_FAMILY = "1,2";
				TEST_HOST = "$(BUILT_PRODUCTS_DIR)/Q_TimerAxis.app/Q_TimerAxis";
			};
			name = Debug;
		};
		AD6AF0B42068B8B800547D83 /* Release */ = {
			isa = XCBuildConfiguration;
			buildSettings = {
				BUNDLE_LOADER = "$(TEST_HOST)";
				CODE_SIGN_STYLE = Automatic;
				DEVELOPMENT_TEAM = 547ZEB69CW;
				INFOPLIST_FILE = Q_TimerAxisTests/Info.plist;
				LD_RUNPATH_SEARCH_PATHS = "$(inherited) @executable_path/Frameworks @loader_path/Frameworks";
				PRODUCT_BUNDLE_IDENTIFIER = "com.jqlv.Q-TimerAxisTests";
				PRODUCT_NAME = "$(TARGET_NAME)";
				TARGETED_DEVICE_FAMILY = "1,2";
				TEST_HOST = "$(BUILT_PRODUCTS_DIR)/Q_TimerAxis.app/Q_TimerAxis";
			};
			name = Release;
		};
		AD6AF0B62068B8B800547D83 /* Debug */ = {
			isa = XCBuildConfiguration;
			buildSettings = {
				CODE_SIGN_STYLE = Automatic;
				DEVELOPMENT_TEAM = 547ZEB69CW;
				INFOPLIST_FILE = Q_TimerAxisUITests/Info.plist;
				LD_RUNPATH_SEARCH_PATHS = "$(inherited) @executable_path/Frameworks @loader_path/Frameworks";
				PRODUCT_BUNDLE_IDENTIFIER = "com.jqlv.Q-TimerAxisUITests";
				PRODUCT_NAME = "$(TARGET_NAME)";
				TARGETED_DEVICE_FAMILY = "1,2";
				TEST_TARGET_NAME = Q_TimerAxis;
			};
			name = Debug;
		};
		AD6AF0B72068B8B800547D83 /* Release */ = {
			isa = XCBuildConfiguration;
			buildSettings = {
				CODE_SIGN_STYLE = Automatic;
				DEVELOPMENT_TEAM = 547ZEB69CW;
				INFOPLIST_FILE = Q_TimerAxisUITests/Info.plist;
				LD_RUNPATH_SEARCH_PATHS = "$(inherited) @executable_path/Frameworks @loader_path/Frameworks";
				PRODUCT_BUNDLE_IDENTIFIER = "com.jqlv.Q-TimerAxisUITests";
				PRODUCT_NAME = "$(TARGET_NAME)";
				TARGETED_DEVICE_FAMILY = "1,2";
				TEST_TARGET_NAME = Q_TimerAxis;
			};
			name = Release;
		};
/* End XCBuildConfiguration section */

/* Begin XCConfigurationList section */
		AD6AF07B2068B8B600547D83 /* Build configuration list for PBXProject "Q_TimerAxis" */ = {
			isa = XCConfigurationList;
			buildConfigurations = (
				AD6AF0AD2068B8B800547D83 /* Debug */,
				AD6AF0AE2068B8B800547D83 /* Release */,
			);
			defaultConfigurationIsVisible = 0;
			defaultConfigurationName = Release;
		};
		AD6AF0AF2068B8B800547D83 /* Build configuration list for PBXNativeTarget "Q_TimerAxis" */ = {
			isa = XCConfigurationList;
			buildConfigurations = (
				AD6AF0B02068B8B800547D83 /* Debug */,
				AD6AF0B12068B8B800547D83 /* Release */,
			);
			defaultConfigurationIsVisible = 0;
			defaultConfigurationName = Release;
		};
		AD6AF0B22068B8B800547D83 /* Build configuration list for PBXNativeTarget "Q_TimerAxisTests" */ = {
			isa = XCConfigurationList;
			buildConfigurations = (
				AD6AF0B32068B8B800547D83 /* Debug */,
				AD6AF0B42068B8B800547D83 /* Release */,
			);
			defaultConfigurationIsVisible = 0;
			defaultConfigurationName = Release;
		};
		AD6AF0B52068B8B800547D83 /* Build configuration list for PBXNativeTarget "Q_TimerAxisUITests" */ = {
			isa = XCConfigurationList;
			buildConfigurations = (
				AD6AF0B62068B8B800547D83 /* Debug */,
				AD6AF0B72068B8B800547D83 /* Release */,
			);
			defaultConfigurationIsVisible = 0;
			defaultConfigurationName = Release;
		};
/* End XCConfigurationList section */

/* Begin XCVersionGroup section */
		AD6AF08C2068B8B700547D83 /* Q_TimerAxis.xcdatamodeld */ = {
			isa = XCVersionGroup;
			children = (
				AD6AF08D2068B8B700547D83 /* Q_TimerAxis.xcdatamodel */,
			);
			currentVersion = AD6AF08D2068B8B700547D83 /* Q_TimerAxis.xcdatamodel */;
			path = Q_TimerAxis.xcdatamodeld;
			sourceTree = "<group>";
			versionGroupType = wrapper.xcdatamodel;
		};
/* End XCVersionGroup section */
	};
	rootObject = AD6AF0782068B8B600547D83 /* Project object */;
}
